// !$*UTF8*$!
{
	archiveVersion = 1;
	classes = {
	};
	objectVersion = 51;
	objects = {

/* Begin PBXBuildFile section */
		6B3DFA3024A233E100D9BC31 /* ConstituencyInfo.swift in Sources */ = {isa = PBXBuildFile; fileRef = 6B3DFA2F24A233E100D9BC31 /* ConstituencyInfo.swift */; };
		6B4CD353249232CD00255E55 /* AlertController.swift in Sources */ = {isa = PBXBuildFile; fileRef = 6B4CD352249232CD00255E55 /* AlertController.swift */; };
		6B60E1B4249CF278007B63D0 /* NewsBannerImageCell.swift in Sources */ = {isa = PBXBuildFile; fileRef = 6B60E1B3249CF277007B63D0 /* NewsBannerImageCell.swift */; };
		6B60E1B6249CF2D2007B63D0 /* NewsFeedCell.swift in Sources */ = {isa = PBXBuildFile; fileRef = 6B60E1B5249CF2D2007B63D0 /* NewsFeedCell.swift */; };
		6B60E1B8249CF792007B63D0 /* NewsFeedModel.swift in Sources */ = {isa = PBXBuildFile; fileRef = 6B60E1B7249CF792007B63D0 /* NewsFeedModel.swift */; };
		6B60E1BB249CF9FB007B63D0 /* NewsFeedService.swift in Sources */ = {isa = PBXBuildFile; fileRef = 6B60E1BA249CF9FB007B63D0 /* NewsFeedService.swift */; };
		6B60E1BD249CFA52007B63D0 /* BannerImageModel.swift in Sources */ = {isa = PBXBuildFile; fileRef = 6B60E1BC249CFA52007B63D0 /* BannerImageModel.swift */; };
		6B60E1BF249CFBC4007B63D0 /* BannerImageService.swift in Sources */ = {isa = PBXBuildFile; fileRef = 6B60E1BE249CFBC4007B63D0 /* BannerImageService.swift */; };
		6B60E1C1249CFC89007B63D0 /* NewsFeedPresnter.swift in Sources */ = {isa = PBXBuildFile; fileRef = 6B60E1C0249CFC89007B63D0 /* NewsFeedPresnter.swift */; };
		6B60E1C3249D1564007B63D0 /* BannerPresenter.swift in Sources */ = {isa = PBXBuildFile; fileRef = 6B60E1C2249D1564007B63D0 /* BannerPresenter.swift */; };
		6B60E1C5249D1BD4007B63D0 /* NewsDetail.swift in Sources */ = {isa = PBXBuildFile; fileRef = 6B60E1C4249D1BD4007B63D0 /* NewsDetail.swift */; };
		6B6E2E74249246BE00CDDE29 /* Roboto-Black.ttf in Resources */ = {isa = PBXBuildFile; fileRef = 6B6E2E73249246BE00CDDE29 /* Roboto-Black.ttf */; };
		6B6E2E76249246C700CDDE29 /* Roboto-BlackItalic.ttf in Resources */ = {isa = PBXBuildFile; fileRef = 6B6E2E75249246C700CDDE29 /* Roboto-BlackItalic.ttf */; };
		6B6E2E78249246CF00CDDE29 /* Roboto-Bold.ttf in Resources */ = {isa = PBXBuildFile; fileRef = 6B6E2E77249246CF00CDDE29 /* Roboto-Bold.ttf */; };
		6B6E2E7A249246D700CDDE29 /* Roboto-BoldItalic.ttf in Resources */ = {isa = PBXBuildFile; fileRef = 6B6E2E79249246D700CDDE29 /* Roboto-BoldItalic.ttf */; };
		6B6E2E7C249246DE00CDDE29 /* Roboto-Italic.ttf in Resources */ = {isa = PBXBuildFile; fileRef = 6B6E2E7B249246DE00CDDE29 /* Roboto-Italic.ttf */; };
		6B6E2E7E249246E600CDDE29 /* Roboto-Light.ttf in Resources */ = {isa = PBXBuildFile; fileRef = 6B6E2E7D249246E600CDDE29 /* Roboto-Light.ttf */; };
		6B6E2E80249246ED00CDDE29 /* Roboto-LightItalic.ttf in Resources */ = {isa = PBXBuildFile; fileRef = 6B6E2E7F249246ED00CDDE29 /* Roboto-LightItalic.ttf */; };
		6B6E2E82249246F400CDDE29 /* Roboto-Medium.ttf in Resources */ = {isa = PBXBuildFile; fileRef = 6B6E2E81249246F400CDDE29 /* Roboto-Medium.ttf */; };
		6B6E2E84249246FC00CDDE29 /* Roboto-MediumItalic.ttf in Resources */ = {isa = PBXBuildFile; fileRef = 6B6E2E83249246FC00CDDE29 /* Roboto-MediumItalic.ttf */; };
		6B6E2E862492470200CDDE29 /* Roboto-Regular.ttf in Resources */ = {isa = PBXBuildFile; fileRef = 6B6E2E852492470200CDDE29 /* Roboto-Regular.ttf */; };
		6B6E2E882492470A00CDDE29 /* Roboto-Thin.ttf in Resources */ = {isa = PBXBuildFile; fileRef = 6B6E2E872492470A00CDDE29 /* Roboto-Thin.ttf */; };
		6B6E2E8A2492471100CDDE29 /* Roboto-ThinItalic.ttf in Resources */ = {isa = PBXBuildFile; fileRef = 6B6E2E892492471100CDDE29 /* Roboto-ThinItalic.ttf */; };
		6B6E2E8C249251F800CDDE29 /* RoundedCornersForButton.swift in Sources */ = {isa = PBXBuildFile; fileRef = 6B6E2E8B249251F800CDDE29 /* RoundedCornersForButton.swift */; };
		6B6E2E8E2492593800CDDE29 /* PageViewController.swift in Sources */ = {isa = PBXBuildFile; fileRef = 6B6E2E8D2492593800CDDE29 /* PageViewController.swift */; };
		6B7B859424A0AD090051F38F /* Meeting.swift in Sources */ = {isa = PBXBuildFile; fileRef = 6B7B859324A0AD090051F38F /* Meeting.swift */; };
		6B7B859624A0AE3D0051F38F /* MeetingCell.swift in Sources */ = {isa = PBXBuildFile; fileRef = 6B7B859524A0AE3D0051F38F /* MeetingCell.swift */; };
		6B7B859824A0B4D40051F38F /* MeetingDetail.swift in Sources */ = {isa = PBXBuildFile; fileRef = 6B7B859724A0B4D40051F38F /* MeetingDetail.swift */; };
		6B7B859A24A0B6080051F38F /* MeetingModel.swift in Sources */ = {isa = PBXBuildFile; fileRef = 6B7B859924A0B6080051F38F /* MeetingModel.swift */; };
		6B7B859C24A0B7720051F38F /* MeetingService.swift in Sources */ = {isa = PBXBuildFile; fileRef = 6B7B859B24A0B7720051F38F /* MeetingService.swift */; };
		6B7B859E24A0B83E0051F38F /* MeetingPresenter.swift in Sources */ = {isa = PBXBuildFile; fileRef = 6B7B859D24A0B83E0051F38F /* MeetingPresenter.swift */; };
		6B7B85A024A0C4B30051F38F /* PlantDonation.swift in Sources */ = {isa = PBXBuildFile; fileRef = 6B7B859F24A0C4B30051F38F /* PlantDonation.swift */; };
		6B7B85A224A0C9B10051F38F /* PlantDonationModel.swift in Sources */ = {isa = PBXBuildFile; fileRef = 6B7B85A124A0C9B10051F38F /* PlantDonationModel.swift */; };
		6B7B85A424A0CB600051F38F /* PlantDonationService.swift in Sources */ = {isa = PBXBuildFile; fileRef = 6B7B85A324A0CB600051F38F /* PlantDonationService.swift */; };
		6B7B85A624A0CB9E0051F38F /* PlantDonationPresenter.swift in Sources */ = {isa = PBXBuildFile; fileRef = 6B7B85A524A0CB9E0051F38F /* PlantDonationPresenter.swift */; };
		6B7B85A824A0F0C60051F38F /* Notification.swift in Sources */ = {isa = PBXBuildFile; fileRef = 6B7B85A724A0F0C60051F38F /* Notification.swift */; };
		6B7B85AA24A0F0F00051F38F /* NotificationCell.swift in Sources */ = {isa = PBXBuildFile; fileRef = 6B7B85A924A0F0F00051F38F /* NotificationCell.swift */; };
		6B7B85AC24A0F13B0051F38F /* NotificationDetail.swift in Sources */ = {isa = PBXBuildFile; fileRef = 6B7B85AB24A0F13B0051F38F /* NotificationDetail.swift */; };
		6B7B85AE24A0F42C0051F38F /* NotificationModel.swift in Sources */ = {isa = PBXBuildFile; fileRef = 6B7B85AD24A0F42C0051F38F /* NotificationModel.swift */; };
		6B7B85B024A0F57A0051F38F /* NotificationService.swift in Sources */ = {isa = PBXBuildFile; fileRef = 6B7B85AF24A0F57A0051F38F /* NotificationService.swift */; };
		6B7B85B224A0F5C50051F38F /* NotificationPresenter.swift in Sources */ = {isa = PBXBuildFile; fileRef = 6B7B85B124A0F5C50051F38F /* NotificationPresenter.swift */; };
		6B9CDE0C249C8202003F1158 /* UserDefault.swift in Sources */ = {isa = PBXBuildFile; fileRef = 6B9CDE0B249C8202003F1158 /* UserDefault.swift */; };
		6B9CDE0E249C9AEA003F1158 /* Tabbar.storyboard in Resources */ = {isa = PBXBuildFile; fileRef = 6B9CDE0D249C9AEA003F1158 /* Tabbar.storyboard */; };
		6B9CDE10249C9C34003F1158 /* TabbarController.swift in Sources */ = {isa = PBXBuildFile; fileRef = 6B9CDE0F249C9C34003F1158 /* TabbarController.swift */; };
		6B9CDE14249CB3E6003F1158 /* Home.swift in Sources */ = {isa = PBXBuildFile; fileRef = 6B9CDE13249CB3E6003F1158 /* Home.swift */; };
		6B9CDE16249CB3F3003F1158 /* Profile.swift in Sources */ = {isa = PBXBuildFile; fileRef = 6B9CDE15249CB3F3003F1158 /* Profile.swift */; };
		6B9CDE1B249CBC77003F1158 /* News.swift in Sources */ = {isa = PBXBuildFile; fileRef = 6B9CDE1A249CBC77003F1158 /* News.swift */; };
		6BA56203249B315B00F87E74 /* LoginModel.swift in Sources */ = {isa = PBXBuildFile; fileRef = 6BA56202249B315B00F87E74 /* LoginModel.swift */; };
		6BA56205249B320900F87E74 /* LoginService.swift in Sources */ = {isa = PBXBuildFile; fileRef = 6BA56204249B320900F87E74 /* LoginService.swift */; };
		6BA56207249B3EC500F87E74 /* LoginPresenter.swift in Sources */ = {isa = PBXBuildFile; fileRef = 6BA56206249B3EC500F87E74 /* LoginPresenter.swift */; };
		6BA5620B249B6BC600F87E74 /* OTP.swift in Sources */ = {isa = PBXBuildFile; fileRef = 6BA5620A249B6BC600F87E74 /* OTP.swift */; };
		6BA5620D249B780100F87E74 /* CustomNavigationBarBackButtonWithTitle.swift in Sources */ = {isa = PBXBuildFile; fileRef = 6BA5620C249B780100F87E74 /* CustomNavigationBarBackButtonWithTitle.swift */; };
		6BA56210249B94A400F87E74 /* OTPModel.swift in Sources */ = {isa = PBXBuildFile; fileRef = 6BA5620F249B94A400F87E74 /* OTPModel.swift */; };
		6BA56212249B98DB00F87E74 /* OTPService.swift in Sources */ = {isa = PBXBuildFile; fileRef = 6BA56211249B98DA00F87E74 /* OTPService.swift */; };
		6BA56214249B9A1C00F87E74 /* OTPPresenter.swift in Sources */ = {isa = PBXBuildFile; fileRef = 6BA56213249B9A1C00F87E74 /* OTPPresenter.swift */; };
		6BA5632224920121007BF788 /* AppDelegate.swift in Sources */ = {isa = PBXBuildFile; fileRef = 6BA5632124920121007BF788 /* AppDelegate.swift */; };
		6BA5632424920121007BF788 /* SceneDelegate.swift in Sources */ = {isa = PBXBuildFile; fileRef = 6BA5632324920121007BF788 /* SceneDelegate.swift */; };
		6BA5632624920121007BF788 /* WelcomeScreen.swift in Sources */ = {isa = PBXBuildFile; fileRef = 6BA5632524920121007BF788 /* WelcomeScreen.swift */; };
		6BA5632924920121007BF788 /* Main.storyboard in Resources */ = {isa = PBXBuildFile; fileRef = 6BA5632724920121007BF788 /* Main.storyboard */; };
		6BA5632B24920138007BF788 /* Assets.xcassets in Resources */ = {isa = PBXBuildFile; fileRef = 6BA5632A24920138007BF788 /* Assets.xcassets */; };
		6BA5632E24920138007BF788 /* LaunchScreen.storyboard in Resources */ = {isa = PBXBuildFile; fileRef = 6BA5632C24920138007BF788 /* LaunchScreen.storyboard */; };
		6BA5633924920138007BF788 /* ConstituentTests.swift in Sources */ = {isa = PBXBuildFile; fileRef = 6BA5633824920138007BF788 /* ConstituentTests.swift */; };
		6BA5634424920138007BF788 /* ConstituentUITests.swift in Sources */ = {isa = PBXBuildFile; fileRef = 6BA5634324920138007BF788 /* ConstituentUITests.swift */; };
		6BA5BF35249A1FE1002227E9 /* GlobalVariables.swift in Sources */ = {isa = PBXBuildFile; fileRef = 6BA5BF34249A1FE1002227E9 /* GlobalVariables.swift */; };
		6BA5BF39249A26A7002227E9 /* ClientUrlModel.swift in Sources */ = {isa = PBXBuildFile; fileRef = 6BA5BF38249A26A7002227E9 /* ClientUrlModel.swift */; };
		6BA5BF41249A47AC002227E9 /* ClientUrlService.swift in Sources */ = {isa = PBXBuildFile; fileRef = 6BA5BF40249A47AC002227E9 /* ClientUrlService.swift */; };
		6BA5BF43249A47B4002227E9 /* ClientUrlPresenter.swift in Sources */ = {isa = PBXBuildFile; fileRef = 6BA5BF42249A47B4002227E9 /* ClientUrlPresenter.swift */; };
		6BAD065A24DD876E00BEE973 /* Container.swift in Sources */ = {isa = PBXBuildFile; fileRef = 6BAD065924DD876E00BEE973 /* Container.swift */; };
		6BAD065C24DD877600BEE973 /* EmptySegue.swift in Sources */ = {isa = PBXBuildFile; fileRef = 6BAD065B24DD877600BEE973 /* EmptySegue.swift */; };
		6BADB59224977EE50008BE03 /* Login.swift in Sources */ = {isa = PBXBuildFile; fileRef = 6BADB59124977EE50008BE03 /* Login.swift */; };
		6BADB59424979D2F0008BE03 /* ShadowEffectForUIView.swift in Sources */ = {isa = PBXBuildFile; fileRef = 6BADB59324979D2E0008BE03 /* ShadowEffectForUIView.swift */; };
		6BADB5962497A8B20008BE03 /* TapToDismissKeypad.swift in Sources */ = {isa = PBXBuildFile; fileRef = 6BADB5952497A8B20008BE03 /* TapToDismissKeypad.swift */; };
		6BADB5982497B0730008BE03 /* APIManager.swift in Sources */ = {isa = PBXBuildFile; fileRef = 6BADB5972497B0730008BE03 /* APIManager.swift */; };
		6BADB59A2497B5C30008BE03 /* Constants.swift in Sources */ = {isa = PBXBuildFile; fileRef = 6BADB5992497B5C30008BE03 /* Constants.swift */; };
		6BB71BB924D807A70049187F /* SentenceCase.swift in Sources */ = {isa = PBXBuildFile; fileRef = 6BB71BB824D807A70049187F /* SentenceCase.swift */; };
		6BBA7029249A066000C6D4CC /* RoundedcornerForUIView.swift in Sources */ = {isa = PBXBuildFile; fileRef = 6BBA7028249A066000C6D4CC /* RoundedcornerForUIView.swift */; };
		6BCE3371249E0E9500D19CF9 /* Grievances.swift in Sources */ = {isa = PBXBuildFile; fileRef = 6BCE3370249E0E9500D19CF9 /* Grievances.swift */; };
		6BDE3F7E249890E40098549B /* ConstituencyList.swift in Sources */ = {isa = PBXBuildFile; fileRef = 6BDE3F7D249890E40098549B /* ConstituencyList.swift */; };
		6BDE3F802498A46F0098549B /* ConstituencyCell.swift in Sources */ = {isa = PBXBuildFile; fileRef = 6BDE3F7F2498A46F0098549B /* ConstituencyCell.swift */; };
		6BDE3F822498A55D0098549B /* ConstituencyModel.swift in Sources */ = {isa = PBXBuildFile; fileRef = 6BDE3F812498A55D0098549B /* ConstituencyModel.swift */; };
		6BDE3F842498A6B00098549B /* ConstituencyService.swift in Sources */ = {isa = PBXBuildFile; fileRef = 6BDE3F832498A6B00098549B /* ConstituencyService.swift */; };
		6BDE3F8D2498A9D70098549B /* Navigator.swift in Sources */ = {isa = PBXBuildFile; fileRef = 6BDE3F8C2498A9D70098549B /* Navigator.swift */; };
		6BDE3F972498ACBF0098549B /* ConstituencyPresenter.swift in Sources */ = {isa = PBXBuildFile; fileRef = 6BDE3F962498ACBF0098549B /* ConstituencyPresenter.swift */; };
		6BE07A2B249F4192007AA000 /* OneSidedRoundedCorners.swift in Sources */ = {isa = PBXBuildFile; fileRef = 6BE07A2A249F4192007AA000 /* OneSidedRoundedCorners.swift */; };
		6BE07A2D249F4863007AA000 /* GrievancesCell.swift in Sources */ = {isa = PBXBuildFile; fileRef = 6BE07A2C249F4863007AA000 /* GrievancesCell.swift */; };
		6BE07A2F249F62C4007AA000 /* GrievanceModel.swift in Sources */ = {isa = PBXBuildFile; fileRef = 6BE07A2E249F62C4007AA000 /* GrievanceModel.swift */; };
		6BE07A31249F643B007AA000 /* GrivencesService.swift in Sources */ = {isa = PBXBuildFile; fileRef = 6BE07A30249F643B007AA000 /* GrivencesService.swift */; };
		6BE07A33249F64AB007AA000 /* GrievancesPresenter.swift in Sources */ = {isa = PBXBuildFile; fileRef = 6BE07A32249F64AB007AA000 /* GrievancesPresenter.swift */; };
		6BE07A35249F7D49007AA000 /* GrievancesDetail.swift in Sources */ = {isa = PBXBuildFile; fileRef = 6BE07A34249F7D49007AA000 /* GrievancesDetail.swift */; };
		6BE336E1249BAC40005ADE6F /* ActivityIndicator.swift in Sources */ = {isa = PBXBuildFile; fileRef = 6BE336E0249BAC40005ADE6F /* ActivityIndicator.swift */; };
		6BE336E3249BB539005ADE6F /* ConstituentCell.swift in Sources */ = {isa = PBXBuildFile; fileRef = 6BE336E2249BB539005ADE6F /* ConstituentCell.swift */; };
		6BE336E5249BB559005ADE6F /* ConstituentList.swift in Sources */ = {isa = PBXBuildFile; fileRef = 6BE336E4249BB559005ADE6F /* ConstituentList.swift */; };
		6BE3E43624A1E57B006CBAF8 /* ProfileDetails.swift in Sources */ = {isa = PBXBuildFile; fileRef = 6BE3E43524A1E57B006CBAF8 /* ProfileDetails.swift */; };
		6BE3E43824A1E668006CBAF8 /* ProfileModel.swift in Sources */ = {isa = PBXBuildFile; fileRef = 6BE3E43724A1E668006CBAF8 /* ProfileModel.swift */; };
		6BE3E43A24A1E89E006CBAF8 /* ProfileService.swift in Sources */ = {isa = PBXBuildFile; fileRef = 6BE3E43924A1E89E006CBAF8 /* ProfileService.swift */; };
		6BE3E43C24A1E8E9006CBAF8 /* ProfilePresenter.swift in Sources */ = {isa = PBXBuildFile; fileRef = 6BE3E43B24A1E8E9006CBAF8 /* ProfilePresenter.swift */; };
		6BE40F81249222D3007C40CD /* RechabilityManager.swift in Sources */ = {isa = PBXBuildFile; fileRef = 6BE40F80249222D3007C40CD /* RechabilityManager.swift */; };
		6BECB4FA24A32CD700FE31FC /* AppVersionModel.swift in Sources */ = {isa = PBXBuildFile; fileRef = 6BECB4F924A32CD700FE31FC /* AppVersionModel.swift */; };
		6BECB4FC24A32E2300FE31FC /* AppVersionService.swift in Sources */ = {isa = PBXBuildFile; fileRef = 6BECB4FB24A32E2300FE31FC /* AppVersionService.swift */; };
		6BECB4FE24A32E7B00FE31FC /* AppVersionPresenter.swift in Sources */ = {isa = PBXBuildFile; fileRef = 6BECB4FD24A32E7B00FE31FC /* AppVersionPresenter.swift */; };
		79CEDA69267879440017983D /* RequestedCell.swift in Sources */ = {isa = PBXBuildFile; fileRef = 79CEDA68267879440017983D /* RequestedCell.swift */; };
		79CEDA6E2678795E0017983D /* CompletedCell.swift in Sources */ = {isa = PBXBuildFile; fileRef = 79CEDA6D2678795E0017983D /* CompletedCell.swift */; };
		79CEDA73267879820017983D /* SceduledCell.swift in Sources */ = {isa = PBXBuildFile; fileRef = 79CEDA72267879820017983D /* SceduledCell.swift */; };
		79CEDA7826787A5C0017983D /* MeetingTabViewController.swift in Sources */ = {isa = PBXBuildFile; fileRef = 79CEDA7726787A5C0017983D /* MeetingTabViewController.swift */; };
		79CEDA7D26787B810017983D /* ScheduleViewController.swift in Sources */ = {isa = PBXBuildFile; fileRef = 79CEDA7C26787B810017983D /* ScheduleViewController.swift */; };
		79CEDA8226787BDD0017983D /* CompletedViewController.swift in Sources */ = {isa = PBXBuildFile; fileRef = 79CEDA8126787BDD0017983D /* CompletedViewController.swift */; };
		79CEDA8726787C030017983D /* RequestedViewController.swift in Sources */ = {isa = PBXBuildFile; fileRef = 79CEDA8626787C030017983D /* RequestedViewController.swift */; };
		79E21FEB2664DA80008DB965 /* AppSettings.swift in Sources */ = {isa = PBXBuildFile; fileRef = 79E21FEA2664DA80008DB965 /* AppSettings.swift */; };
		79ED06BB2660AB1800AB11C8 /* Pods_Constituent.framework in Frameworks */ = {isa = PBXBuildFile; fileRef = B4E538AD0234B6BE28FE8F54 /* Pods_Constituent.framework */; };
		79ED06DF2661053E00AB11C8 /* GetStartedScreen.swift in Sources */ = {isa = PBXBuildFile; fileRef = 79ED06DE2661053E00AB11C8 /* GetStartedScreen.swift */; };
		79F1C20F26B54BF7005C8FFD /* BannerVieosModel.swift in Sources */ = {isa = PBXBuildFile; fileRef = 79F1C20E26B54BF6005C8FFD /* BannerVieosModel.swift */; };
		79F1C21426B54C20005C8FFD /* BannerVideosService.swift in Sources */ = {isa = PBXBuildFile; fileRef = 79F1C21326B54C20005C8FFD /* BannerVideosService.swift */; };
		79F1C21926B54C4B005C8FFD /* BannerVideosPresenter.swift in Sources */ = {isa = PBXBuildFile; fileRef = 79F1C21826B54C4B005C8FFD /* BannerVideosPresenter.swift */; };
		79F5E01E266763F8007BDDC7 /* CheckConstituentIDService.swift in Sources */ = {isa = PBXBuildFile; fileRef = 79F5E01D266763F8007BDDC7 /* CheckConstituentIDService.swift */; };
		79F5E02326676414007BDDC7 /* CheckConstituentIDPresenter.swift in Sources */ = {isa = PBXBuildFile; fileRef = 79F5E02226676414007BDDC7 /* CheckConstituentIDPresenter.swift */; };
		79F5E02826676429007BDDC7 /* CheckConstituentIDModel.swift in Sources */ = {isa = PBXBuildFile; fileRef = 79F5E02726676429007BDDC7 /* CheckConstituentIDModel.swift */; };
		79F5E02D266764B4007BDDC7 /* ConstituentIDViewController.swift in Sources */ = {isa = PBXBuildFile; fileRef = 79F5E02C266764B4007BDDC7 /* ConstituentIDViewController.swift */; };
/* End PBXBuildFile section */

/* Begin PBXContainerItemProxy section */
		6BA5633524920138007BF788 /* PBXContainerItemProxy */ = {
			isa = PBXContainerItemProxy;
			containerPortal = 6BA5631624920121007BF788 /* Project object */;
			proxyType = 1;
			remoteGlobalIDString = 6BA5631D24920121007BF788;
			remoteInfo = Constituent;
		};
		6BA5634024920138007BF788 /* PBXContainerItemProxy */ = {
			isa = PBXContainerItemProxy;
			containerPortal = 6BA5631624920121007BF788 /* Project object */;
			proxyType = 1;
			remoteGlobalIDString = 6BA5631D24920121007BF788;
			remoteInfo = Constituent;
		};
/* End PBXContainerItemProxy section */

/* Begin PBXFileReference section */
		4DB1A4E959C7656DA3374F79 /* Pods-Constituent.release.xcconfig */ = {isa = PBXFileReference; includeInIndex = 1; lastKnownFileType = text.xcconfig; name = "Pods-Constituent.release.xcconfig"; path = "Target Support Files/Pods-Constituent/Pods-Constituent.release.xcconfig"; sourceTree = "<group>"; };
		6B3DFA2F24A233E100D9BC31 /* ConstituencyInfo.swift */ = {isa = PBXFileReference; lastKnownFileType = sourcecode.swift; path = ConstituencyInfo.swift; sourceTree = "<group>"; };
		6B4CD352249232CD00255E55 /* AlertController.swift */ = {isa = PBXFileReference; lastKnownFileType = sourcecode.swift; path = AlertController.swift; sourceTree = "<group>"; };
		6B60E1B3249CF277007B63D0 /* NewsBannerImageCell.swift */ = {isa = PBXFileReference; lastKnownFileType = sourcecode.swift; path = NewsBannerImageCell.swift; sourceTree = "<group>"; };
		6B60E1B5249CF2D2007B63D0 /* NewsFeedCell.swift */ = {isa = PBXFileReference; lastKnownFileType = sourcecode.swift; path = NewsFeedCell.swift; sourceTree = "<group>"; };
		6B60E1B7249CF792007B63D0 /* NewsFeedModel.swift */ = {isa = PBXFileReference; lastKnownFileType = sourcecode.swift; path = NewsFeedModel.swift; sourceTree = "<group>"; };
		6B60E1BA249CF9FB007B63D0 /* NewsFeedService.swift */ = {isa = PBXFileReference; lastKnownFileType = sourcecode.swift; path = NewsFeedService.swift; sourceTree = "<group>"; };
		6B60E1BC249CFA52007B63D0 /* BannerImageModel.swift */ = {isa = PBXFileReference; lastKnownFileType = sourcecode.swift; path = BannerImageModel.swift; sourceTree = "<group>"; };
		6B60E1BE249CFBC4007B63D0 /* BannerImageService.swift */ = {isa = PBXFileReference; lastKnownFileType = sourcecode.swift; path = BannerImageService.swift; sourceTree = "<group>"; };
		6B60E1C0249CFC89007B63D0 /* NewsFeedPresnter.swift */ = {isa = PBXFileReference; lastKnownFileType = sourcecode.swift; path = NewsFeedPresnter.swift; sourceTree = "<group>"; };
		6B60E1C2249D1564007B63D0 /* BannerPresenter.swift */ = {isa = PBXFileReference; lastKnownFileType = sourcecode.swift; path = BannerPresenter.swift; sourceTree = "<group>"; };
		6B60E1C4249D1BD4007B63D0 /* NewsDetail.swift */ = {isa = PBXFileReference; lastKnownFileType = sourcecode.swift; path = NewsDetail.swift; sourceTree = "<group>"; };
		6B6E2E73249246BE00CDDE29 /* Roboto-Black.ttf */ = {isa = PBXFileReference; lastKnownFileType = file; path = "Roboto-Black.ttf"; sourceTree = "<group>"; };
		6B6E2E75249246C700CDDE29 /* Roboto-BlackItalic.ttf */ = {isa = PBXFileReference; lastKnownFileType = file; path = "Roboto-BlackItalic.ttf"; sourceTree = "<group>"; };
		6B6E2E77249246CF00CDDE29 /* Roboto-Bold.ttf */ = {isa = PBXFileReference; lastKnownFileType = file; path = "Roboto-Bold.ttf"; sourceTree = "<group>"; };
		6B6E2E79249246D700CDDE29 /* Roboto-BoldItalic.ttf */ = {isa = PBXFileReference; lastKnownFileType = file; path = "Roboto-BoldItalic.ttf"; sourceTree = "<group>"; };
		6B6E2E7B249246DE00CDDE29 /* Roboto-Italic.ttf */ = {isa = PBXFileReference; lastKnownFileType = file; path = "Roboto-Italic.ttf"; sourceTree = "<group>"; };
		6B6E2E7D249246E600CDDE29 /* Roboto-Light.ttf */ = {isa = PBXFileReference; lastKnownFileType = file; path = "Roboto-Light.ttf"; sourceTree = "<group>"; };
		6B6E2E7F249246ED00CDDE29 /* Roboto-LightItalic.ttf */ = {isa = PBXFileReference; lastKnownFileType = file; path = "Roboto-LightItalic.ttf"; sourceTree = "<group>"; };
		6B6E2E81249246F400CDDE29 /* Roboto-Medium.ttf */ = {isa = PBXFileReference; lastKnownFileType = file; path = "Roboto-Medium.ttf"; sourceTree = "<group>"; };
		6B6E2E83249246FC00CDDE29 /* Roboto-MediumItalic.ttf */ = {isa = PBXFileReference; lastKnownFileType = file; path = "Roboto-MediumItalic.ttf"; sourceTree = "<group>"; };
		6B6E2E852492470200CDDE29 /* Roboto-Regular.ttf */ = {isa = PBXFileReference; lastKnownFileType = file; path = "Roboto-Regular.ttf"; sourceTree = "<group>"; };
		6B6E2E872492470A00CDDE29 /* Roboto-Thin.ttf */ = {isa = PBXFileReference; lastKnownFileType = file; path = "Roboto-Thin.ttf"; sourceTree = "<group>"; };
		6B6E2E892492471100CDDE29 /* Roboto-ThinItalic.ttf */ = {isa = PBXFileReference; lastKnownFileType = file; path = "Roboto-ThinItalic.ttf"; sourceTree = "<group>"; };
		6B6E2E8B249251F800CDDE29 /* RoundedCornersForButton.swift */ = {isa = PBXFileReference; lastKnownFileType = sourcecode.swift; path = RoundedCornersForButton.swift; sourceTree = "<group>"; };
		6B6E2E8D2492593800CDDE29 /* PageViewController.swift */ = {isa = PBXFileReference; lastKnownFileType = sourcecode.swift; path = PageViewController.swift; sourceTree = "<group>"; };
		6B7B859324A0AD090051F38F /* Meeting.swift */ = {isa = PBXFileReference; lastKnownFileType = sourcecode.swift; path = Meeting.swift; sourceTree = "<group>"; };
		6B7B859524A0AE3D0051F38F /* MeetingCell.swift */ = {isa = PBXFileReference; lastKnownFileType = sourcecode.swift; path = MeetingCell.swift; sourceTree = "<group>"; };
		6B7B859724A0B4D40051F38F /* MeetingDetail.swift */ = {isa = PBXFileReference; lastKnownFileType = sourcecode.swift; path = MeetingDetail.swift; sourceTree = "<group>"; };
		6B7B859924A0B6080051F38F /* MeetingModel.swift */ = {isa = PBXFileReference; lastKnownFileType = sourcecode.swift; path = MeetingModel.swift; sourceTree = "<group>"; };
		6B7B859B24A0B7720051F38F /* MeetingService.swift */ = {isa = PBXFileReference; lastKnownFileType = sourcecode.swift; path = MeetingService.swift; sourceTree = "<group>"; };
		6B7B859D24A0B83E0051F38F /* MeetingPresenter.swift */ = {isa = PBXFileReference; lastKnownFileType = sourcecode.swift; path = MeetingPresenter.swift; sourceTree = "<group>"; };
		6B7B859F24A0C4B30051F38F /* PlantDonation.swift */ = {isa = PBXFileReference; lastKnownFileType = sourcecode.swift; path = PlantDonation.swift; sourceTree = "<group>"; };
		6B7B85A124A0C9B10051F38F /* PlantDonationModel.swift */ = {isa = PBXFileReference; lastKnownFileType = sourcecode.swift; path = PlantDonationModel.swift; sourceTree = "<group>"; };
		6B7B85A324A0CB600051F38F /* PlantDonationService.swift */ = {isa = PBXFileReference; lastKnownFileType = sourcecode.swift; path = PlantDonationService.swift; sourceTree = "<group>"; };
		6B7B85A524A0CB9E0051F38F /* PlantDonationPresenter.swift */ = {isa = PBXFileReference; lastKnownFileType = sourcecode.swift; path = PlantDonationPresenter.swift; sourceTree = "<group>"; };
		6B7B85A724A0F0C60051F38F /* Notification.swift */ = {isa = PBXFileReference; lastKnownFileType = sourcecode.swift; path = Notification.swift; sourceTree = "<group>"; };
		6B7B85A924A0F0F00051F38F /* NotificationCell.swift */ = {isa = PBXFileReference; lastKnownFileType = sourcecode.swift; path = NotificationCell.swift; sourceTree = "<group>"; };
		6B7B85AB24A0F13B0051F38F /* NotificationDetail.swift */ = {isa = PBXFileReference; lastKnownFileType = sourcecode.swift; path = NotificationDetail.swift; sourceTree = "<group>"; };
		6B7B85AD24A0F42C0051F38F /* NotificationModel.swift */ = {isa = PBXFileReference; lastKnownFileType = sourcecode.swift; path = NotificationModel.swift; sourceTree = "<group>"; };
		6B7B85AF24A0F57A0051F38F /* NotificationService.swift */ = {isa = PBXFileReference; lastKnownFileType = sourcecode.swift; path = NotificationService.swift; sourceTree = "<group>"; };
		6B7B85B124A0F5C50051F38F /* NotificationPresenter.swift */ = {isa = PBXFileReference; lastKnownFileType = sourcecode.swift; path = NotificationPresenter.swift; sourceTree = "<group>"; };
		6B9CDE0B249C8202003F1158 /* UserDefault.swift */ = {isa = PBXFileReference; lastKnownFileType = sourcecode.swift; path = UserDefault.swift; sourceTree = "<group>"; };
		6B9CDE0D249C9AEA003F1158 /* Tabbar.storyboard */ = {isa = PBXFileReference; lastKnownFileType = file.storyboard; path = Tabbar.storyboard; sourceTree = "<group>"; };
		6B9CDE0F249C9C34003F1158 /* TabbarController.swift */ = {isa = PBXFileReference; lastKnownFileType = sourcecode.swift; path = TabbarController.swift; sourceTree = "<group>"; };
		6B9CDE13249CB3E6003F1158 /* Home.swift */ = {isa = PBXFileReference; lastKnownFileType = sourcecode.swift; path = Home.swift; sourceTree = "<group>"; };
		6B9CDE15249CB3F3003F1158 /* Profile.swift */ = {isa = PBXFileReference; lastKnownFileType = sourcecode.swift; path = Profile.swift; sourceTree = "<group>"; };
		6B9CDE1A249CBC77003F1158 /* News.swift */ = {isa = PBXFileReference; lastKnownFileType = sourcecode.swift; path = News.swift; sourceTree = "<group>"; };
		6BA56202249B315B00F87E74 /* LoginModel.swift */ = {isa = PBXFileReference; lastKnownFileType = sourcecode.swift; path = LoginModel.swift; sourceTree = "<group>"; };
		6BA56204249B320900F87E74 /* LoginService.swift */ = {isa = PBXFileReference; lastKnownFileType = sourcecode.swift; path = LoginService.swift; sourceTree = "<group>"; };
		6BA56206249B3EC500F87E74 /* LoginPresenter.swift */ = {isa = PBXFileReference; lastKnownFileType = sourcecode.swift; path = LoginPresenter.swift; sourceTree = "<group>"; };
		6BA5620A249B6BC600F87E74 /* OTP.swift */ = {isa = PBXFileReference; lastKnownFileType = sourcecode.swift; path = OTP.swift; sourceTree = "<group>"; };
		6BA5620C249B780100F87E74 /* CustomNavigationBarBackButtonWithTitle.swift */ = {isa = PBXFileReference; lastKnownFileType = sourcecode.swift; path = CustomNavigationBarBackButtonWithTitle.swift; sourceTree = "<group>"; };
		6BA5620E249B915D00F87E74 /* Constituent.entitlements */ = {isa = PBXFileReference; lastKnownFileType = text.plist.entitlements; path = Constituent.entitlements; sourceTree = "<group>"; };
		6BA5620F249B94A400F87E74 /* OTPModel.swift */ = {isa = PBXFileReference; lastKnownFileType = sourcecode.swift; path = OTPModel.swift; sourceTree = "<group>"; };
		6BA56211249B98DA00F87E74 /* OTPService.swift */ = {isa = PBXFileReference; lastKnownFileType = sourcecode.swift; path = OTPService.swift; sourceTree = "<group>"; };
		6BA56213249B9A1C00F87E74 /* OTPPresenter.swift */ = {isa = PBXFileReference; lastKnownFileType = sourcecode.swift; path = OTPPresenter.swift; sourceTree = "<group>"; };
		6BA5631E24920121007BF788 /* Constituent.app */ = {isa = PBXFileReference; explicitFileType = wrapper.application; includeInIndex = 0; path = Constituent.app; sourceTree = BUILT_PRODUCTS_DIR; };
		6BA5632124920121007BF788 /* AppDelegate.swift */ = {isa = PBXFileReference; lastKnownFileType = sourcecode.swift; path = AppDelegate.swift; sourceTree = "<group>"; };
		6BA5632324920121007BF788 /* SceneDelegate.swift */ = {isa = PBXFileReference; lastKnownFileType = sourcecode.swift; path = SceneDelegate.swift; sourceTree = "<group>"; };
		6BA5632524920121007BF788 /* WelcomeScreen.swift */ = {isa = PBXFileReference; lastKnownFileType = sourcecode.swift; path = WelcomeScreen.swift; sourceTree = "<group>"; };
		6BA5632824920121007BF788 /* Base */ = {isa = PBXFileReference; lastKnownFileType = file.storyboard; name = Base; path = Base.lproj/Main.storyboard; sourceTree = "<group>"; };
		6BA5632A24920138007BF788 /* Assets.xcassets */ = {isa = PBXFileReference; lastKnownFileType = folder.assetcatalog; path = Assets.xcassets; sourceTree = "<group>"; };
		6BA5632D24920138007BF788 /* Base */ = {isa = PBXFileReference; lastKnownFileType = file.storyboard; name = Base; path = Base.lproj/LaunchScreen.storyboard; sourceTree = "<group>"; };
		6BA5632F24920138007BF788 /* Info.plist */ = {isa = PBXFileReference; lastKnownFileType = text.plist.xml; path = Info.plist; sourceTree = "<group>"; };
		6BA5633424920138007BF788 /* ConstituentTests.xctest */ = {isa = PBXFileReference; explicitFileType = wrapper.cfbundle; includeInIndex = 0; path = ConstituentTests.xctest; sourceTree = BUILT_PRODUCTS_DIR; };
		6BA5633824920138007BF788 /* ConstituentTests.swift */ = {isa = PBXFileReference; lastKnownFileType = sourcecode.swift; path = ConstituentTests.swift; sourceTree = "<group>"; };
		6BA5633A24920138007BF788 /* Info.plist */ = {isa = PBXFileReference; lastKnownFileType = text.plist.xml; path = Info.plist; sourceTree = "<group>"; };
		6BA5633F24920138007BF788 /* ConstituentUITests.xctest */ = {isa = PBXFileReference; explicitFileType = wrapper.cfbundle; includeInIndex = 0; path = ConstituentUITests.xctest; sourceTree = BUILT_PRODUCTS_DIR; };
		6BA5634324920138007BF788 /* ConstituentUITests.swift */ = {isa = PBXFileReference; lastKnownFileType = sourcecode.swift; path = ConstituentUITests.swift; sourceTree = "<group>"; };
		6BA5634524920138007BF788 /* Info.plist */ = {isa = PBXFileReference; lastKnownFileType = text.plist.xml; path = Info.plist; sourceTree = "<group>"; };
		6BA5BF34249A1FE1002227E9 /* GlobalVariables.swift */ = {isa = PBXFileReference; lastKnownFileType = sourcecode.swift; path = GlobalVariables.swift; sourceTree = "<group>"; };
		6BA5BF38249A26A7002227E9 /* ClientUrlModel.swift */ = {isa = PBXFileReference; lastKnownFileType = sourcecode.swift; path = ClientUrlModel.swift; sourceTree = "<group>"; };
		6BA5BF40249A47AC002227E9 /* ClientUrlService.swift */ = {isa = PBXFileReference; fileEncoding = 4; lastKnownFileType = sourcecode.swift; path = ClientUrlService.swift; sourceTree = "<group>"; };
		6BA5BF42249A47B4002227E9 /* ClientUrlPresenter.swift */ = {isa = PBXFileReference; fileEncoding = 4; lastKnownFileType = sourcecode.swift; path = ClientUrlPresenter.swift; sourceTree = "<group>"; };
		6BAD065924DD876E00BEE973 /* Container.swift */ = {isa = PBXFileReference; fileEncoding = 4; lastKnownFileType = sourcecode.swift; path = Container.swift; sourceTree = "<group>"; };
		6BAD065B24DD877600BEE973 /* EmptySegue.swift */ = {isa = PBXFileReference; fileEncoding = 4; lastKnownFileType = sourcecode.swift; path = EmptySegue.swift; sourceTree = "<group>"; };
		6BADB59124977EE50008BE03 /* Login.swift */ = {isa = PBXFileReference; lastKnownFileType = sourcecode.swift; path = Login.swift; sourceTree = "<group>"; };
		6BADB59324979D2E0008BE03 /* ShadowEffectForUIView.swift */ = {isa = PBXFileReference; lastKnownFileType = sourcecode.swift; path = ShadowEffectForUIView.swift; sourceTree = "<group>"; };
		6BADB5952497A8B20008BE03 /* TapToDismissKeypad.swift */ = {isa = PBXFileReference; lastKnownFileType = sourcecode.swift; path = TapToDismissKeypad.swift; sourceTree = "<group>"; };
		6BADB5972497B0730008BE03 /* APIManager.swift */ = {isa = PBXFileReference; lastKnownFileType = sourcecode.swift; path = APIManager.swift; sourceTree = "<group>"; };
		6BADB5992497B5C30008BE03 /* Constants.swift */ = {isa = PBXFileReference; lastKnownFileType = sourcecode.swift; path = Constants.swift; sourceTree = "<group>"; };
		6BB71BB824D807A70049187F /* SentenceCase.swift */ = {isa = PBXFileReference; lastKnownFileType = sourcecode.swift; path = SentenceCase.swift; sourceTree = "<group>"; };
		6BBA7028249A066000C6D4CC /* RoundedcornerForUIView.swift */ = {isa = PBXFileReference; lastKnownFileType = sourcecode.swift; path = RoundedcornerForUIView.swift; sourceTree = "<group>"; };
		6BCE3370249E0E9500D19CF9 /* Grievances.swift */ = {isa = PBXFileReference; lastKnownFileType = sourcecode.swift; path = Grievances.swift; sourceTree = "<group>"; };
		6BD79DA324A9E44A00EB32B8 /* CoreNFC.framework */ = {isa = PBXFileReference; lastKnownFileType = wrapper.framework; name = CoreNFC.framework; path = System/Library/Frameworks/CoreNFC.framework; sourceTree = SDKROOT; };
		6BDE3F7D249890E40098549B /* ConstituencyList.swift */ = {isa = PBXFileReference; lastKnownFileType = sourcecode.swift; path = ConstituencyList.swift; sourceTree = "<group>"; };
		6BDE3F7F2498A46F0098549B /* ConstituencyCell.swift */ = {isa = PBXFileReference; lastKnownFileType = sourcecode.swift; path = ConstituencyCell.swift; sourceTree = "<group>"; };
		6BDE3F812498A55D0098549B /* ConstituencyModel.swift */ = {isa = PBXFileReference; lastKnownFileType = sourcecode.swift; path = ConstituencyModel.swift; sourceTree = "<group>"; };
		6BDE3F832498A6B00098549B /* ConstituencyService.swift */ = {isa = PBXFileReference; lastKnownFileType = sourcecode.swift; path = ConstituencyService.swift; sourceTree = "<group>"; };
		6BDE3F8C2498A9D70098549B /* Navigator.swift */ = {isa = PBXFileReference; lastKnownFileType = sourcecode.swift; path = Navigator.swift; sourceTree = "<group>"; };
		6BDE3F962498ACBF0098549B /* ConstituencyPresenter.swift */ = {isa = PBXFileReference; lastKnownFileType = sourcecode.swift; path = ConstituencyPresenter.swift; sourceTree = "<group>"; };
		6BE07A2A249F4192007AA000 /* OneSidedRoundedCorners.swift */ = {isa = PBXFileReference; lastKnownFileType = sourcecode.swift; path = OneSidedRoundedCorners.swift; sourceTree = "<group>"; };
		6BE07A2C249F4863007AA000 /* GrievancesCell.swift */ = {isa = PBXFileReference; lastKnownFileType = sourcecode.swift; path = GrievancesCell.swift; sourceTree = "<group>"; };
		6BE07A2E249F62C4007AA000 /* GrievanceModel.swift */ = {isa = PBXFileReference; lastKnownFileType = sourcecode.swift; path = GrievanceModel.swift; sourceTree = "<group>"; };
		6BE07A30249F643B007AA000 /* GrivencesService.swift */ = {isa = PBXFileReference; lastKnownFileType = sourcecode.swift; path = GrivencesService.swift; sourceTree = "<group>"; };
		6BE07A32249F64AB007AA000 /* GrievancesPresenter.swift */ = {isa = PBXFileReference; lastKnownFileType = sourcecode.swift; path = GrievancesPresenter.swift; sourceTree = "<group>"; };
		6BE07A34249F7D49007AA000 /* GrievancesDetail.swift */ = {isa = PBXFileReference; lastKnownFileType = sourcecode.swift; path = GrievancesDetail.swift; sourceTree = "<group>"; };
		6BE336E0249BAC40005ADE6F /* ActivityIndicator.swift */ = {isa = PBXFileReference; lastKnownFileType = sourcecode.swift; path = ActivityIndicator.swift; sourceTree = "<group>"; };
		6BE336E2249BB539005ADE6F /* ConstituentCell.swift */ = {isa = PBXFileReference; lastKnownFileType = sourcecode.swift; path = ConstituentCell.swift; sourceTree = "<group>"; };
		6BE336E4249BB559005ADE6F /* ConstituentList.swift */ = {isa = PBXFileReference; lastKnownFileType = sourcecode.swift; path = ConstituentList.swift; sourceTree = "<group>"; };
		6BE3E43524A1E57B006CBAF8 /* ProfileDetails.swift */ = {isa = PBXFileReference; lastKnownFileType = sourcecode.swift; path = ProfileDetails.swift; sourceTree = "<group>"; };
		6BE3E43724A1E668006CBAF8 /* ProfileModel.swift */ = {isa = PBXFileReference; lastKnownFileType = sourcecode.swift; path = ProfileModel.swift; sourceTree = "<group>"; };
		6BE3E43924A1E89E006CBAF8 /* ProfileService.swift */ = {isa = PBXFileReference; lastKnownFileType = sourcecode.swift; path = ProfileService.swift; sourceTree = "<group>"; };
		6BE3E43B24A1E8E9006CBAF8 /* ProfilePresenter.swift */ = {isa = PBXFileReference; lastKnownFileType = sourcecode.swift; path = ProfilePresenter.swift; sourceTree = "<group>"; };
		6BE40F80249222D3007C40CD /* RechabilityManager.swift */ = {isa = PBXFileReference; lastKnownFileType = sourcecode.swift; path = RechabilityManager.swift; sourceTree = "<group>"; };
		6BECB4F924A32CD700FE31FC /* AppVersionModel.swift */ = {isa = PBXFileReference; lastKnownFileType = sourcecode.swift; path = AppVersionModel.swift; sourceTree = "<group>"; };
		6BECB4FB24A32E2300FE31FC /* AppVersionService.swift */ = {isa = PBXFileReference; lastKnownFileType = sourcecode.swift; path = AppVersionService.swift; sourceTree = "<group>"; };
		6BECB4FD24A32E7B00FE31FC /* AppVersionPresenter.swift */ = {isa = PBXFileReference; lastKnownFileType = sourcecode.swift; path = AppVersionPresenter.swift; sourceTree = "<group>"; };
		79CEDA68267879440017983D /* RequestedCell.swift */ = {isa = PBXFileReference; lastKnownFileType = sourcecode.swift; path = RequestedCell.swift; sourceTree = "<group>"; };
		79CEDA6D2678795E0017983D /* CompletedCell.swift */ = {isa = PBXFileReference; lastKnownFileType = sourcecode.swift; path = CompletedCell.swift; sourceTree = "<group>"; };
		79CEDA72267879820017983D /* SceduledCell.swift */ = {isa = PBXFileReference; lastKnownFileType = sourcecode.swift; path = SceduledCell.swift; sourceTree = "<group>"; };
		79CEDA7726787A5C0017983D /* MeetingTabViewController.swift */ = {isa = PBXFileReference; lastKnownFileType = sourcecode.swift; name = MeetingTabViewController.swift; path = ../../../../../../MeetingTabViewController.swift; sourceTree = "<group>"; };
		79CEDA7C26787B810017983D /* ScheduleViewController.swift */ = {isa = PBXFileReference; lastKnownFileType = sourcecode.swift; name = ScheduleViewController.swift; path = ../../../../../../ScheduleViewController.swift; sourceTree = "<group>"; };
		79CEDA8126787BDD0017983D /* CompletedViewController.swift */ = {isa = PBXFileReference; lastKnownFileType = sourcecode.swift; name = CompletedViewController.swift; path = ../../../../../../CompletedViewController.swift; sourceTree = "<group>"; };
		79CEDA8626787C030017983D /* RequestedViewController.swift */ = {isa = PBXFileReference; lastKnownFileType = sourcecode.swift; path = RequestedViewController.swift; sourceTree = "<group>"; };
		79E21FEA2664DA80008DB965 /* AppSettings.swift */ = {isa = PBXFileReference; lastKnownFileType = sourcecode.swift; path = AppSettings.swift; sourceTree = "<group>"; };
		79ED06DE2661053E00AB11C8 /* GetStartedScreen.swift */ = {isa = PBXFileReference; lastKnownFileType = sourcecode.swift; path = GetStartedScreen.swift; sourceTree = "<group>"; };
		79F1C20E26B54BF6005C8FFD /* BannerVieosModel.swift */ = {isa = PBXFileReference; lastKnownFileType = sourcecode.swift; path = BannerVieosModel.swift; sourceTree = "<group>"; };
		79F1C21326B54C20005C8FFD /* BannerVideosService.swift */ = {isa = PBXFileReference; lastKnownFileType = sourcecode.swift; path = BannerVideosService.swift; sourceTree = "<group>"; };
		79F1C21826B54C4B005C8FFD /* BannerVideosPresenter.swift */ = {isa = PBXFileReference; lastKnownFileType = sourcecode.swift; path = BannerVideosPresenter.swift; sourceTree = "<group>"; };
		79F5E01D266763F8007BDDC7 /* CheckConstituentIDService.swift */ = {isa = PBXFileReference; lastKnownFileType = sourcecode.swift; path = CheckConstituentIDService.swift; sourceTree = "<group>"; };
		79F5E02226676414007BDDC7 /* CheckConstituentIDPresenter.swift */ = {isa = PBXFileReference; lastKnownFileType = sourcecode.swift; path = CheckConstituentIDPresenter.swift; sourceTree = "<group>"; };
		79F5E02726676429007BDDC7 /* CheckConstituentIDModel.swift */ = {isa = PBXFileReference; lastKnownFileType = sourcecode.swift; path = CheckConstituentIDModel.swift; sourceTree = "<group>"; };
		79F5E02C266764B4007BDDC7 /* ConstituentIDViewController.swift */ = {isa = PBXFileReference; lastKnownFileType = sourcecode.swift; path = ConstituentIDViewController.swift; sourceTree = "<group>"; };
		B4E538AD0234B6BE28FE8F54 /* Pods_Constituent.framework */ = {isa = PBXFileReference; explicitFileType = wrapper.framework; includeInIndex = 0; path = Pods_Constituent.framework; sourceTree = BUILT_PRODUCTS_DIR; };
		F0793D112466B842F315D5A4 /* Pods-Constituent.debug.xcconfig */ = {isa = PBXFileReference; includeInIndex = 1; lastKnownFileType = text.xcconfig; name = "Pods-Constituent.debug.xcconfig"; path = "Target Support Files/Pods-Constituent/Pods-Constituent.debug.xcconfig"; sourceTree = "<group>"; };
/* End PBXFileReference section */

/* Begin PBXFrameworksBuildPhase section */
		6BA5631B24920121007BF788 /* Frameworks */ = {
			isa = PBXFrameworksBuildPhase;
			buildActionMask = 2147483647;
			files = (
				79ED06BB2660AB1800AB11C8 /* Pods_Constituent.framework in Frameworks */,
			);
			runOnlyForDeploymentPostprocessing = 0;
		};
		6BA5633124920138007BF788 /* Frameworks */ = {
			isa = PBXFrameworksBuildPhase;
			buildActionMask = 2147483647;
			files = (
			);
			runOnlyForDeploymentPostprocessing = 0;
		};
		6BA5633C24920138007BF788 /* Frameworks */ = {
			isa = PBXFrameworksBuildPhase;
			buildActionMask = 2147483647;
			files = (
			);
			runOnlyForDeploymentPostprocessing = 0;
		};
/* End PBXFrameworksBuildPhase section */

/* Begin PBXGroup section */
		47DEA23CF2570DF4DE406770 /* Frameworks */ = {
			isa = PBXGroup;
			children = (
				6BD79DA324A9E44A00EB32B8 /* CoreNFC.framework */,
				B4E538AD0234B6BE28FE8F54 /* Pods_Constituent.framework */,
			);
			name = Frameworks;
			sourceTree = "<group>";
		};
		6B4CD351249232AA00255E55 /* Helper */ = {
			isa = PBXGroup;
			children = (
				6BE40F80249222D3007C40CD /* RechabilityManager.swift */,
				6B4CD352249232CD00255E55 /* AlertController.swift */,
				6BA5BF34249A1FE1002227E9 /* GlobalVariables.swift */,
				6BADB5992497B5C30008BE03 /* Constants.swift */,
				6BE336E0249BAC40005ADE6F /* ActivityIndicator.swift */,
				6B9CDE0B249C8202003F1158 /* UserDefault.swift */,
			);
			path = Helper;
			sourceTree = "<group>";
		};
		6B4CD35424923DC400255E55 /* Fonts */ = {
			isa = PBXGroup;
			children = (
				6B6E2E73249246BE00CDDE29 /* Roboto-Black.ttf */,
				6B6E2E75249246C700CDDE29 /* Roboto-BlackItalic.ttf */,
				6B6E2E77249246CF00CDDE29 /* Roboto-Bold.ttf */,
				6B6E2E79249246D700CDDE29 /* Roboto-BoldItalic.ttf */,
				6B6E2E7B249246DE00CDDE29 /* Roboto-Italic.ttf */,
				6B6E2E7D249246E600CDDE29 /* Roboto-Light.ttf */,
				6B6E2E7F249246ED00CDDE29 /* Roboto-LightItalic.ttf */,
				6B6E2E81249246F400CDDE29 /* Roboto-Medium.ttf */,
				6B6E2E83249246FC00CDDE29 /* Roboto-MediumItalic.ttf */,
				6B6E2E852492470200CDDE29 /* Roboto-Regular.ttf */,
				6B6E2E872492470A00CDDE29 /* Roboto-Thin.ttf */,
				6B6E2E892492471100CDDE29 /* Roboto-ThinItalic.ttf */,
			);
			path = Fonts;
			sourceTree = "<group>";
		};
		6B60E1B9249CF9BD007B63D0 /* APIRouter */ = {
			isa = PBXGroup;
			children = (
				6BADB5972497B0730008BE03 /* APIManager.swift */,
			);
			path = APIRouter;
			sourceTree = "<group>";
		};
		6B9CDE17249CB400003F1158 /* TabBarController */ = {
			isa = PBXGroup;
			children = (
				6B9CDE0F249C9C34003F1158 /* TabbarController.swift */,
				6B9CDE1A249CBC77003F1158 /* News.swift */,
				6B60E1C4249D1BD4007B63D0 /* NewsDetail.swift */,
				6B9CDE13249CB3E6003F1158 /* Home.swift */,
				6B9CDE15249CB3F3003F1158 /* Profile.swift */,
				6BCE3370249E0E9500D19CF9 /* Grievances.swift */,
				6BE07A34249F7D49007AA000 /* GrievancesDetail.swift */,
				6B7B859324A0AD090051F38F /* Meeting.swift */,
				6B7B859724A0B4D40051F38F /* MeetingDetail.swift */,
				6B7B859F24A0C4B30051F38F /* PlantDonation.swift */,
				6B7B85A724A0F0C60051F38F /* Notification.swift */,
				6B7B85AB24A0F13B0051F38F /* NotificationDetail.swift */,
				6BAD065924DD876E00BEE973 /* Container.swift */,
				6BAD065B24DD877600BEE973 /* EmptySegue.swift */,
				6BE3E43524A1E57B006CBAF8 /* ProfileDetails.swift */,
				6B3DFA2F24A233E100D9BC31 /* ConstituencyInfo.swift */,
				79E21FEA2664DA80008DB965 /* AppSettings.swift */,
				79CEDA7726787A5C0017983D /* MeetingTabViewController.swift */,
				79CEDA7C26787B810017983D /* ScheduleViewController.swift */,
				79CEDA8126787BDD0017983D /* CompletedViewController.swift */,
				79CEDA8626787C030017983D /* RequestedViewController.swift */,
			);
			path = TabBarController;
			sourceTree = "<group>";
		};
		6BA5631524920121007BF788 = {
			isa = PBXGroup;
			children = (
				6BA5632124920121007BF788 /* AppDelegate.swift */,
				6BA5632324920121007BF788 /* SceneDelegate.swift */,
				6BA5632024920121007BF788 /* Constituent */,
				6BA5633724920138007BF788 /* ConstituentTests */,
				6BA5634224920138007BF788 /* ConstituentUITests */,
				6BA5631F24920121007BF788 /* Products */,
				FC1D2F1F269E9B187C401922 /* Pods */,
				47DEA23CF2570DF4DE406770 /* Frameworks */,
			);
			sourceTree = "<group>";
		};
		6BA5631F24920121007BF788 /* Products */ = {
			isa = PBXGroup;
			children = (
				6BA5631E24920121007BF788 /* Constituent.app */,
				6BA5633424920138007BF788 /* ConstituentTests.xctest */,
				6BA5633F24920138007BF788 /* ConstituentUITests.xctest */,
			);
			name = Products;
			sourceTree = "<group>";
		};
		6BA5632024920121007BF788 /* Constituent */ = {
			isa = PBXGroup;
			children = (
				6BA5620E249B915D00F87E74 /* Constituent.entitlements */,
				6BDE3F8B2498A9C30098549B /* Navigator */,
				6BE40F7924921A32007C40CD /* Model */,
				6B60E1B9249CF9BD007B63D0 /* APIRouter */,
				6BE40F7824921A28007C40CD /* Services */,
				6BE40F7B24921A41007C40CD /* Presenter */,
				6BE40F7A24921A39007C40CD /* View */,
				6BE40F7C24921A52007C40CD /* Extension */,
				6B4CD351249232AA00255E55 /* Helper */,
				6B4CD35424923DC400255E55 /* Fonts */,
				6BA5632A24920138007BF788 /* Assets.xcassets */,
				6BA5632C24920138007BF788 /* LaunchScreen.storyboard */,
				6BA5632F24920138007BF788 /* Info.plist */,
			);
			path = Constituent;
			sourceTree = "<group>";
		};
		6BA5633724920138007BF788 /* ConstituentTests */ = {
			isa = PBXGroup;
			children = (
				6BA5633824920138007BF788 /* ConstituentTests.swift */,
				6BA5633A24920138007BF788 /* Info.plist */,
			);
			path = ConstituentTests;
			sourceTree = "<group>";
		};
		6BA5634224920138007BF788 /* ConstituentUITests */ = {
			isa = PBXGroup;
			children = (
				6BA5634324920138007BF788 /* ConstituentUITests.swift */,
				6BA5634524920138007BF788 /* Info.plist */,
			);
			path = ConstituentUITests;
			sourceTree = "<group>";
		};
		6BDE3F8B2498A9C30098549B /* Navigator */ = {
			isa = PBXGroup;
			children = (
				6BDE3F8C2498A9D70098549B /* Navigator.swift */,
			);
			path = Navigator;
			sourceTree = "<group>";
		};
		6BE40F7824921A28007C40CD /* Services */ = {
			isa = PBXGroup;
			children = (
				6BDE3F832498A6B00098549B /* ConstituencyService.swift */,
				79F5E01D266763F8007BDDC7 /* CheckConstituentIDService.swift */,
				6BA5BF40249A47AC002227E9 /* ClientUrlService.swift */,
				79F1C21326B54C20005C8FFD /* BannerVideosService.swift */,
				6BA56204249B320900F87E74 /* LoginService.swift */,
				6BA56211249B98DA00F87E74 /* OTPService.swift */,
				6B60E1BE249CFBC4007B63D0 /* BannerImageService.swift */,
				6B60E1BA249CF9FB007B63D0 /* NewsFeedService.swift */,
				6BE07A30249F643B007AA000 /* GrivencesService.swift */,
				6B7B859B24A0B7720051F38F /* MeetingService.swift */,
				6B7B85A324A0CB600051F38F /* PlantDonationService.swift */,
				6B7B85AF24A0F57A0051F38F /* NotificationService.swift */,
				6BE3E43924A1E89E006CBAF8 /* ProfileService.swift */,
				6BECB4FB24A32E2300FE31FC /* AppVersionService.swift */,
			);
			path = Services;
			sourceTree = "<group>";
		};
		6BE40F7924921A32007C40CD /* Model */ = {
			isa = PBXGroup;
			children = (
				6BDE3F812498A55D0098549B /* ConstituencyModel.swift */,
				79F5E02726676429007BDDC7 /* CheckConstituentIDModel.swift */,
				6BA5BF38249A26A7002227E9 /* ClientUrlModel.swift */,
				6BA56202249B315B00F87E74 /* LoginModel.swift */,
				6BA5620F249B94A400F87E74 /* OTPModel.swift */,
				6B60E1BC249CFA52007B63D0 /* BannerImageModel.swift */,
				79F1C20E26B54BF6005C8FFD /* BannerVieosModel.swift */,
				6B60E1B7249CF792007B63D0 /* NewsFeedModel.swift */,
				6BE07A2E249F62C4007AA000 /* GrievanceModel.swift */,
				6B7B859924A0B6080051F38F /* MeetingModel.swift */,
				6B7B85A124A0C9B10051F38F /* PlantDonationModel.swift */,
				6B7B85AD24A0F42C0051F38F /* NotificationModel.swift */,
				6BE3E43724A1E668006CBAF8 /* ProfileModel.swift */,
				6BECB4F924A32CD700FE31FC /* AppVersionModel.swift */,
			);
			path = Model;
			sourceTree = "<group>";
		};
		6BE40F7A24921A39007C40CD /* View */ = {
			isa = PBXGroup;
			children = (
				6BE40F7E24921A7C007C40CD /* ViewControllers */,
				6B9CDE17249CB400003F1158 /* TabBarController */,
				6BE40F7F24921A84007C40CD /* Cells */,
				6BE40F7D24921A71007C40CD /* Storyboards */,
			);
			path = View;
			sourceTree = "<group>";
		};
		6BE40F7B24921A41007C40CD /* Presenter */ = {
			isa = PBXGroup;
			children = (
				6BDE3F962498ACBF0098549B /* ConstituencyPresenter.swift */,
				79F5E02226676414007BDDC7 /* CheckConstituentIDPresenter.swift */,
				6BA5BF42249A47B4002227E9 /* ClientUrlPresenter.swift */,
				6BA56206249B3EC500F87E74 /* LoginPresenter.swift */,
				6BA56213249B9A1C00F87E74 /* OTPPresenter.swift */,
				79F1C21826B54C4B005C8FFD /* BannerVideosPresenter.swift */,
				6B60E1C0249CFC89007B63D0 /* NewsFeedPresnter.swift */,
				6B60E1C2249D1564007B63D0 /* BannerPresenter.swift */,
				6BE07A32249F64AB007AA000 /* GrievancesPresenter.swift */,
				6B7B859D24A0B83E0051F38F /* MeetingPresenter.swift */,
				6B7B85A524A0CB9E0051F38F /* PlantDonationPresenter.swift */,
				6B7B85B124A0F5C50051F38F /* NotificationPresenter.swift */,
				6BE3E43B24A1E8E9006CBAF8 /* ProfilePresenter.swift */,
				6BECB4FD24A32E7B00FE31FC /* AppVersionPresenter.swift */,
			);
			path = Presenter;
			sourceTree = "<group>";
		};
		6BE40F7C24921A52007C40CD /* Extension */ = {
			isa = PBXGroup;
			children = (
				6B6E2E8B249251F800CDDE29 /* RoundedCornersForButton.swift */,
				6BADB59324979D2E0008BE03 /* ShadowEffectForUIView.swift */,
				6BADB5952497A8B20008BE03 /* TapToDismissKeypad.swift */,
				6BBA7028249A066000C6D4CC /* RoundedcornerForUIView.swift */,
				6BA5620C249B780100F87E74 /* CustomNavigationBarBackButtonWithTitle.swift */,
				6BE07A2A249F4192007AA000 /* OneSidedRoundedCorners.swift */,
				6BB71BB824D807A70049187F /* SentenceCase.swift */,
			);
			path = Extension;
			sourceTree = "<group>";
		};
		6BE40F7D24921A71007C40CD /* Storyboards */ = {
			isa = PBXGroup;
			children = (
				6BA5632724920121007BF788 /* Main.storyboard */,
				6B9CDE0D249C9AEA003F1158 /* Tabbar.storyboard */,
			);
			path = Storyboards;
			sourceTree = "<group>";
		};
		6BE40F7E24921A7C007C40CD /* ViewControllers */ = {
			isa = PBXGroup;
			children = (
				6B6E2E8D2492593800CDDE29 /* PageViewController.swift */,
				6BA5632524920121007BF788 /* WelcomeScreen.swift */,
				79ED06DE2661053E00AB11C8 /* GetStartedScreen.swift */,
				79F5E02C266764B4007BDDC7 /* ConstituentIDViewController.swift */,
				6BADB59124977EE50008BE03 /* Login.swift */,
				6BDE3F7D249890E40098549B /* ConstituencyList.swift */,
				6BA5620A249B6BC600F87E74 /* OTP.swift */,
				6BE336E4249BB559005ADE6F /* ConstituentList.swift */,
			);
			path = ViewControllers;
			sourceTree = "<group>";
		};
		6BE40F7F24921A84007C40CD /* Cells */ = {
			isa = PBXGroup;
			children = (
				6BDE3F7F2498A46F0098549B /* ConstituencyCell.swift */,
				6BE336E2249BB539005ADE6F /* ConstituentCell.swift */,
				6B60E1B3249CF277007B63D0 /* NewsBannerImageCell.swift */,
				6B60E1B5249CF2D2007B63D0 /* NewsFeedCell.swift */,
				6BE07A2C249F4863007AA000 /* GrievancesCell.swift */,
				6B7B859524A0AE3D0051F38F /* MeetingCell.swift */,
				79CEDA68267879440017983D /* RequestedCell.swift */,
				79CEDA6D2678795E0017983D /* CompletedCell.swift */,
				79CEDA72267879820017983D /* SceduledCell.swift */,
				6B7B85A924A0F0F00051F38F /* NotificationCell.swift */,
			);
			path = Cells;
			sourceTree = "<group>";
		};
		FC1D2F1F269E9B187C401922 /* Pods */ = {
			isa = PBXGroup;
			children = (
				F0793D112466B842F315D5A4 /* Pods-Constituent.debug.xcconfig */,
				4DB1A4E959C7656DA3374F79 /* Pods-Constituent.release.xcconfig */,
			);
			path = Pods;
			sourceTree = "<group>";
		};
/* End PBXGroup section */

/* Begin PBXNativeTarget section */
		6BA5631D24920121007BF788 /* Constituent */ = {
			isa = PBXNativeTarget;
			buildConfigurationList = 6BA5634824920138007BF788 /* Build configuration list for PBXNativeTarget "Constituent" */;
			buildPhases = (
				A791C127D57DF10390E20AC3 /* [CP] Check Pods Manifest.lock */,
				6BA5631A24920121007BF788 /* Sources */,
				6BA5631B24920121007BF788 /* Frameworks */,
				6BA5631C24920121007BF788 /* Resources */,
				9745D0795452C1776E7FE130 /* [CP] Embed Pods Frameworks */,
			);
			buildRules = (
			);
			dependencies = (
			);
			name = Constituent;
			productName = Constituent;
			productReference = 6BA5631E24920121007BF788 /* Constituent.app */;
			productType = "com.apple.product-type.application";
		};
		6BA5633324920138007BF788 /* ConstituentTests */ = {
			isa = PBXNativeTarget;
			buildConfigurationList = 6BA5634B24920138007BF788 /* Build configuration list for PBXNativeTarget "ConstituentTests" */;
			buildPhases = (
				6BA5633024920138007BF788 /* Sources */,
				6BA5633124920138007BF788 /* Frameworks */,
				6BA5633224920138007BF788 /* Resources */,
			);
			buildRules = (
			);
			dependencies = (
				6BA5633624920138007BF788 /* PBXTargetDependency */,
			);
			name = ConstituentTests;
			productName = ConstituentTests;
			productReference = 6BA5633424920138007BF788 /* ConstituentTests.xctest */;
			productType = "com.apple.product-type.bundle.unit-test";
		};
		6BA5633E24920138007BF788 /* ConstituentUITests */ = {
			isa = PBXNativeTarget;
			buildConfigurationList = 6BA5634E24920138007BF788 /* Build configuration list for PBXNativeTarget "ConstituentUITests" */;
			buildPhases = (
				6BA5633B24920138007BF788 /* Sources */,
				6BA5633C24920138007BF788 /* Frameworks */,
				6BA5633D24920138007BF788 /* Resources */,
			);
			buildRules = (
			);
			dependencies = (
				6BA5634124920138007BF788 /* PBXTargetDependency */,
			);
			name = ConstituentUITests;
			productName = ConstituentUITests;
			productReference = 6BA5633F24920138007BF788 /* ConstituentUITests.xctest */;
			productType = "com.apple.product-type.bundle.ui-testing";
		};
/* End PBXNativeTarget section */

/* Begin PBXProject section */
		6BA5631624920121007BF788 /* Project object */ = {
			isa = PBXProject;
			attributes = {
				LastSwiftUpdateCheck = 1150;
				LastUpgradeCheck = 1150;
				ORGANIZATIONNAME = HappySanzTech;
				TargetAttributes = {
					6BA5631D24920121007BF788 = {
						CreatedOnToolsVersion = 11.5;
					};
					6BA5633324920138007BF788 = {
						CreatedOnToolsVersion = 11.5;
						TestTargetID = 6BA5631D24920121007BF788;
					};
					6BA5633E24920138007BF788 = {
						CreatedOnToolsVersion = 11.5;
						TestTargetID = 6BA5631D24920121007BF788;
					};
				};
			};
			buildConfigurationList = 6BA5631924920121007BF788 /* Build configuration list for PBXProject "Constituent" */;
			compatibilityVersion = "Xcode 9.3";
			developmentRegion = en;
			hasScannedForEncodings = 0;
			knownRegions = (
				en,
				Base,
			);
			mainGroup = 6BA5631524920121007BF788;
			productRefGroup = 6BA5631F24920121007BF788 /* Products */;
			projectDirPath = "";
			projectRoot = "";
			targets = (
				6BA5631D24920121007BF788 /* Constituent */,
				6BA5633324920138007BF788 /* ConstituentTests */,
				6BA5633E24920138007BF788 /* ConstituentUITests */,
			);
		};
/* End PBXProject section */

/* Begin PBXResourcesBuildPhase section */
		6BA5631C24920121007BF788 /* Resources */ = {
			isa = PBXResourcesBuildPhase;
			buildActionMask = 2147483647;
			files = (
				6B6E2E8A2492471100CDDE29 /* Roboto-ThinItalic.ttf in Resources */,
				6B6E2E882492470A00CDDE29 /* Roboto-Thin.ttf in Resources */,
				6BA5632E24920138007BF788 /* LaunchScreen.storyboard in Resources */,
				6BA5632B24920138007BF788 /* Assets.xcassets in Resources */,
				6B9CDE0E249C9AEA003F1158 /* Tabbar.storyboard in Resources */,
				6B6E2E80249246ED00CDDE29 /* Roboto-LightItalic.ttf in Resources */,
				6B6E2E78249246CF00CDDE29 /* Roboto-Bold.ttf in Resources */,
				6B6E2E84249246FC00CDDE29 /* Roboto-MediumItalic.ttf in Resources */,
				6B6E2E76249246C700CDDE29 /* Roboto-BlackItalic.ttf in Resources */,
				6BA5632924920121007BF788 /* Main.storyboard in Resources */,
				6B6E2E7C249246DE00CDDE29 /* Roboto-Italic.ttf in Resources */,
				6B6E2E7A249246D700CDDE29 /* Roboto-BoldItalic.ttf in Resources */,
				6B6E2E82249246F400CDDE29 /* Roboto-Medium.ttf in Resources */,
				6B6E2E862492470200CDDE29 /* Roboto-Regular.ttf in Resources */,
				6B6E2E74249246BE00CDDE29 /* Roboto-Black.ttf in Resources */,
				6B6E2E7E249246E600CDDE29 /* Roboto-Light.ttf in Resources */,
			);
			runOnlyForDeploymentPostprocessing = 0;
		};
		6BA5633224920138007BF788 /* Resources */ = {
			isa = PBXResourcesBuildPhase;
			buildActionMask = 2147483647;
			files = (
			);
			runOnlyForDeploymentPostprocessing = 0;
		};
		6BA5633D24920138007BF788 /* Resources */ = {
			isa = PBXResourcesBuildPhase;
			buildActionMask = 2147483647;
			files = (
			);
			runOnlyForDeploymentPostprocessing = 0;
		};
/* End PBXResourcesBuildPhase section */

/* Begin PBXShellScriptBuildPhase section */
		9745D0795452C1776E7FE130 /* [CP] Embed Pods Frameworks */ = {
			isa = PBXShellScriptBuildPhase;
			buildActionMask = 2147483647;
			files = (
			);
			inputFileListPaths = (
				"${PODS_ROOT}/Target Support Files/Pods-Constituent/Pods-Constituent-frameworks-${CONFIGURATION}-input-files.xcfilelist",
			);
			name = "[CP] Embed Pods Frameworks";
			outputFileListPaths = (
				"${PODS_ROOT}/Target Support Files/Pods-Constituent/Pods-Constituent-frameworks-${CONFIGURATION}-output-files.xcfilelist",
			);
			runOnlyForDeploymentPostprocessing = 0;
			shellPath = /bin/sh;
			shellScript = "\"${PODS_ROOT}/Target Support Files/Pods-Constituent/Pods-Constituent-frameworks.sh\"\n";
			showEnvVarsInLog = 0;
		};
		A791C127D57DF10390E20AC3 /* [CP] Check Pods Manifest.lock */ = {
			isa = PBXShellScriptBuildPhase;
			buildActionMask = 2147483647;
			files = (
			);
			inputFileListPaths = (
			);
			inputPaths = (
				"${PODS_PODFILE_DIR_PATH}/Podfile.lock",
				"${PODS_ROOT}/Manifest.lock",
			);
			name = "[CP] Check Pods Manifest.lock";
			outputFileListPaths = (
			);
			outputPaths = (
				"$(DERIVED_FILE_DIR)/Pods-Constituent-checkManifestLockResult.txt",
			);
			runOnlyForDeploymentPostprocessing = 0;
			shellPath = /bin/sh;
			shellScript = "diff \"${PODS_PODFILE_DIR_PATH}/Podfile.lock\" \"${PODS_ROOT}/Manifest.lock\" > /dev/null\nif [ $? != 0 ] ; then\n    # print error to STDERR\n    echo \"error: The sandbox is not in sync with the Podfile.lock. Run 'pod install' or update your CocoaPods installation.\" >&2\n    exit 1\nfi\n# This output is used by Xcode 'outputs' to avoid re-running this script phase.\necho \"SUCCESS\" > \"${SCRIPT_OUTPUT_FILE_0}\"\n";
			showEnvVarsInLog = 0;
		};
/* End PBXShellScriptBuildPhase section */

/* Begin PBXSourcesBuildPhase section */
		6BA5631A24920121007BF788 /* Sources */ = {
			isa = PBXSourcesBuildPhase;
			buildActionMask = 2147483647;
			files = (
				6B6E2E8C249251F800CDDE29 /* RoundedCornersForButton.swift in Sources */,
				6B7B85AC24A0F13B0051F38F /* NotificationDetail.swift in Sources */,
				79E21FEB2664DA80008DB965 /* AppSettings.swift in Sources */,
				6B9CDE1B249CBC77003F1158 /* News.swift in Sources */,
				6B7B85A824A0F0C60051F38F /* Notification.swift in Sources */,
				6B7B859E24A0B83E0051F38F /* MeetingPresenter.swift in Sources */,
				79CEDA7D26787B810017983D /* ScheduleViewController.swift in Sources */,
				6B7B85B224A0F5C50051F38F /* NotificationPresenter.swift in Sources */,
				79CEDA73267879820017983D /* SceduledCell.swift in Sources */,
				6B60E1B4249CF278007B63D0 /* NewsBannerImageCell.swift in Sources */,
				6B9CDE16249CB3F3003F1158 /* Profile.swift in Sources */,
				6BCE3371249E0E9500D19CF9 /* Grievances.swift in Sources */,
				6BA56205249B320900F87E74 /* LoginService.swift in Sources */,
				6BECB4FC24A32E2300FE31FC /* AppVersionService.swift in Sources */,
				6BE07A33249F64AB007AA000 /* GrievancesPresenter.swift in Sources */,
				6BE07A2D249F4863007AA000 /* GrievancesCell.swift in Sources */,
				6BBA7029249A066000C6D4CC /* RoundedcornerForUIView.swift in Sources */,
				6BA56210249B94A400F87E74 /* OTPModel.swift in Sources */,
				6BDE3F8D2498A9D70098549B /* Navigator.swift in Sources */,
				6BA5BF43249A47B4002227E9 /* ClientUrlPresenter.swift in Sources */,
				6B60E1BD249CFA52007B63D0 /* BannerImageModel.swift in Sources */,
				6BADB59424979D2F0008BE03 /* ShadowEffectForUIView.swift in Sources */,
				79F5E01E266763F8007BDDC7 /* CheckConstituentIDService.swift in Sources */,
				6B7B85AA24A0F0F00051F38F /* NotificationCell.swift in Sources */,
				6BA5BF41249A47AC002227E9 /* ClientUrlService.swift in Sources */,
				6B6E2E8E2492593800CDDE29 /* PageViewController.swift in Sources */,
				6BA5632624920121007BF788 /* WelcomeScreen.swift in Sources */,
				6BDE3F972498ACBF0098549B /* ConstituencyPresenter.swift in Sources */,
				6BDE3F802498A46F0098549B /* ConstituencyCell.swift in Sources */,
				6BDE3F7E249890E40098549B /* ConstituencyList.swift in Sources */,
				6B9CDE10249C9C34003F1158 /* TabbarController.swift in Sources */,
				6BECB4FE24A32E7B00FE31FC /* AppVersionPresenter.swift in Sources */,
				6BA56207249B3EC500F87E74 /* LoginPresenter.swift in Sources */,
				6B60E1B8249CF792007B63D0 /* NewsFeedModel.swift in Sources */,
				79F5E02D266764B4007BDDC7 /* ConstituentIDViewController.swift in Sources */,
				6BADB5982497B0730008BE03 /* APIManager.swift in Sources */,
				6B7B85AE24A0F42C0051F38F /* NotificationModel.swift in Sources */,
				6BE3E43C24A1E8E9006CBAF8 /* ProfilePresenter.swift in Sources */,
				6BE336E3249BB539005ADE6F /* ConstituentCell.swift in Sources */,
				6BE3E43624A1E57B006CBAF8 /* ProfileDetails.swift in Sources */,
				79F1C21926B54C4B005C8FFD /* BannerVideosPresenter.swift in Sources */,
				79F1C21426B54C20005C8FFD /* BannerVideosService.swift in Sources */,
				6BB71BB924D807A70049187F /* SentenceCase.swift in Sources */,
				6B60E1BB249CF9FB007B63D0 /* NewsFeedService.swift in Sources */,
				6B9CDE14249CB3E6003F1158 /* Home.swift in Sources */,
				6B7B85A024A0C4B30051F38F /* PlantDonation.swift in Sources */,
				6B7B85A624A0CB9E0051F38F /* PlantDonationPresenter.swift in Sources */,
				79CEDA7826787A5C0017983D /* MeetingTabViewController.swift in Sources */,
				6BECB4FA24A32CD700FE31FC /* AppVersionModel.swift in Sources */,
				6BE336E1249BAC40005ADE6F /* ActivityIndicator.swift in Sources */,
				6B7B85A224A0C9B10051F38F /* PlantDonationModel.swift in Sources */,
				6B4CD353249232CD00255E55 /* AlertController.swift in Sources */,
				6BA5632224920121007BF788 /* AppDelegate.swift in Sources */,
				6B7B859C24A0B7720051F38F /* MeetingService.swift in Sources */,
				6BE07A2F249F62C4007AA000 /* GrievanceModel.swift in Sources */,
				6BA5BF39249A26A7002227E9 /* ClientUrlModel.swift in Sources */,
				6B7B859624A0AE3D0051F38F /* MeetingCell.swift in Sources */,
				6BE40F81249222D3007C40CD /* RechabilityManager.swift in Sources */,
				6B60E1C3249D1564007B63D0 /* BannerPresenter.swift in Sources */,
				6BE07A35249F7D49007AA000 /* GrievancesDetail.swift in Sources */,
				6B60E1B6249CF2D2007B63D0 /* NewsFeedCell.swift in Sources */,
				6BE07A2B249F4192007AA000 /* OneSidedRoundedCorners.swift in Sources */,
				6B7B85A424A0CB600051F38F /* PlantDonationService.swift in Sources */,
				6BDE3F822498A55D0098549B /* ConstituencyModel.swift in Sources */,
				6BA5620D249B780100F87E74 /* CustomNavigationBarBackButtonWithTitle.swift in Sources */,
				6BADB59A2497B5C30008BE03 /* Constants.swift in Sources */,
				6BA5632424920121007BF788 /* SceneDelegate.swift in Sources */,
				6BA56214249B9A1C00F87E74 /* OTPPresenter.swift in Sources */,
				6BADB59224977EE50008BE03 /* Login.swift in Sources */,
				6B60E1BF249CFBC4007B63D0 /* BannerImageService.swift in Sources */,
				6BA5620B249B6BC600F87E74 /* OTP.swift in Sources */,
				6BE3E43A24A1E89E006CBAF8 /* ProfileService.swift in Sources */,
				79ED06DF2661053E00AB11C8 /* GetStartedScreen.swift in Sources */,
				6BA56212249B98DB00F87E74 /* OTPService.swift in Sources */,
				6BA56203249B315B00F87E74 /* LoginModel.swift in Sources */,
				79F5E02326676414007BDDC7 /* CheckConstituentIDPresenter.swift in Sources */,
				79F5E02826676429007BDDC7 /* CheckConstituentIDModel.swift in Sources */,
				6B60E1C1249CFC89007B63D0 /* NewsFeedPresnter.swift in Sources */,
				6BA5BF35249A1FE1002227E9 /* GlobalVariables.swift in Sources */,
				6BE3E43824A1E668006CBAF8 /* ProfileModel.swift in Sources */,
				6B9CDE0C249C8202003F1158 /* UserDefault.swift in Sources */,
				6BAD065A24DD876E00BEE973 /* Container.swift in Sources */,
				79CEDA69267879440017983D /* RequestedCell.swift in Sources */,
				6BE336E5249BB559005ADE6F /* ConstituentList.swift in Sources */,
				79CEDA8226787BDD0017983D /* CompletedViewController.swift in Sources */,
				6BE07A31249F643B007AA000 /* GrivencesService.swift in Sources */,
				6BADB5962497A8B20008BE03 /* TapToDismissKeypad.swift in Sources */,
				79CEDA8726787C030017983D /* RequestedViewController.swift in Sources */,
				6B3DFA3024A233E100D9BC31 /* ConstituencyInfo.swift in Sources */,
				6BAD065C24DD877600BEE973 /* EmptySegue.swift in Sources */,
				79CEDA6E2678795E0017983D /* CompletedCell.swift in Sources */,
				6B7B85B024A0F57A0051F38F /* NotificationService.swift in Sources */,
				6B7B859824A0B4D40051F38F /* MeetingDetail.swift in Sources */,
				6BDE3F842498A6B00098549B /* ConstituencyService.swift in Sources */,
				6B7B859424A0AD090051F38F /* Meeting.swift in Sources */,
				6B60E1C5249D1BD4007B63D0 /* NewsDetail.swift in Sources */,
				79F1C20F26B54BF7005C8FFD /* BannerVieosModel.swift in Sources */,
				6B7B859A24A0B6080051F38F /* MeetingModel.swift in Sources */,
			);
			runOnlyForDeploymentPostprocessing = 0;
		};
		6BA5633024920138007BF788 /* Sources */ = {
			isa = PBXSourcesBuildPhase;
			buildActionMask = 2147483647;
			files = (
				6BA5633924920138007BF788 /* ConstituentTests.swift in Sources */,
			);
			runOnlyForDeploymentPostprocessing = 0;
		};
		6BA5633B24920138007BF788 /* Sources */ = {
			isa = PBXSourcesBuildPhase;
			buildActionMask = 2147483647;
			files = (
				6BA5634424920138007BF788 /* ConstituentUITests.swift in Sources */,
			);
			runOnlyForDeploymentPostprocessing = 0;
		};
/* End PBXSourcesBuildPhase section */

/* Begin PBXTargetDependency section */
		6BA5633624920138007BF788 /* PBXTargetDependency */ = {
			isa = PBXTargetDependency;
			target = 6BA5631D24920121007BF788 /* Constituent */;
			targetProxy = 6BA5633524920138007BF788 /* PBXContainerItemProxy */;
		};
		6BA5634124920138007BF788 /* PBXTargetDependency */ = {
			isa = PBXTargetDependency;
			target = 6BA5631D24920121007BF788 /* Constituent */;
			targetProxy = 6BA5634024920138007BF788 /* PBXContainerItemProxy */;
		};
/* End PBXTargetDependency section */

/* Begin PBXVariantGroup section */
		6BA5632724920121007BF788 /* Main.storyboard */ = {
			isa = PBXVariantGroup;
			children = (
				6BA5632824920121007BF788 /* Base */,
			);
			name = Main.storyboard;
			sourceTree = "<group>";
		};
		6BA5632C24920138007BF788 /* LaunchScreen.storyboard */ = {
			isa = PBXVariantGroup;
			children = (
				6BA5632D24920138007BF788 /* Base */,
			);
			name = LaunchScreen.storyboard;
			sourceTree = "<group>";
		};
/* End PBXVariantGroup section */

/* Begin XCBuildConfiguration section */
		6BA5634624920138007BF788 /* Debug */ = {
			isa = XCBuildConfiguration;
			buildSettings = {
				ALWAYS_SEARCH_USER_PATHS = NO;
				CLANG_ANALYZER_NONNULL = YES;
				CLANG_ANALYZER_NUMBER_OBJECT_CONVERSION = YES_AGGRESSIVE;
				CLANG_CXX_LANGUAGE_STANDARD = "gnu++14";
				CLANG_CXX_LIBRARY = "libc++";
				CLANG_ENABLE_MODULES = YES;
				CLANG_ENABLE_OBJC_ARC = YES;
				CLANG_ENABLE_OBJC_WEAK = YES;
				CLANG_WARN_BLOCK_CAPTURE_AUTORELEASING = YES;
				CLANG_WARN_BOOL_CONVERSION = YES;
				CLANG_WARN_COMMA = YES;
				CLANG_WARN_CONSTANT_CONVERSION = YES;
				CLANG_WARN_DEPRECATED_OBJC_IMPLEMENTATIONS = YES;
				CLANG_WARN_DIRECT_OBJC_ISA_USAGE = YES_ERROR;
				CLANG_WARN_DOCUMENTATION_COMMENTS = YES;
				CLANG_WARN_EMPTY_BODY = YES;
				CLANG_WARN_ENUM_CONVERSION = YES;
				CLANG_WARN_INFINITE_RECURSION = YES;
				CLANG_WARN_INT_CONVERSION = YES;
				CLANG_WARN_NON_LITERAL_NULL_CONVERSION = YES;
				CLANG_WARN_OBJC_IMPLICIT_RETAIN_SELF = YES;
				CLANG_WARN_OBJC_LITERAL_CONVERSION = YES;
				CLANG_WARN_OBJC_ROOT_CLASS = YES_ERROR;
				CLANG_WARN_RANGE_LOOP_ANALYSIS = YES;
				CLANG_WARN_STRICT_PROTOTYPES = YES;
				CLANG_WARN_SUSPICIOUS_MOVE = YES;
				CLANG_WARN_UNGUARDED_AVAILABILITY = YES_AGGRESSIVE;
				CLANG_WARN_UNREACHABLE_CODE = YES;
				CLANG_WARN__DUPLICATE_METHOD_MATCH = YES;
				COPY_PHASE_STRIP = NO;
				DEBUG_INFORMATION_FORMAT = dwarf;
				ENABLE_STRICT_OBJC_MSGSEND = YES;
				ENABLE_TESTABILITY = YES;
				GCC_C_LANGUAGE_STANDARD = gnu11;
				GCC_DYNAMIC_NO_PIC = NO;
				GCC_NO_COMMON_BLOCKS = YES;
				GCC_OPTIMIZATION_LEVEL = 0;
				GCC_PREPROCESSOR_DEFINITIONS = (
					"DEBUG=1",
					"$(inherited)",
				);
				GCC_WARN_64_TO_32_BIT_CONVERSION = YES;
				GCC_WARN_ABOUT_RETURN_TYPE = YES_ERROR;
				GCC_WARN_UNDECLARED_SELECTOR = YES;
				GCC_WARN_UNINITIALIZED_AUTOS = YES_AGGRESSIVE;
				GCC_WARN_UNUSED_FUNCTION = YES;
				GCC_WARN_UNUSED_VARIABLE = YES;
				IPHONEOS_DEPLOYMENT_TARGET = 13.5;
				MTL_ENABLE_DEBUG_INFO = INCLUDE_SOURCE;
				MTL_FAST_MATH = YES;
				ONLY_ACTIVE_ARCH = YES;
				SDKROOT = iphoneos;
				SWIFT_ACTIVE_COMPILATION_CONDITIONS = DEBUG;
				SWIFT_OPTIMIZATION_LEVEL = "-Onone";
			};
			name = Debug;
		};
		6BA5634724920138007BF788 /* Release */ = {
			isa = XCBuildConfiguration;
			buildSettings = {
				ALWAYS_SEARCH_USER_PATHS = NO;
				CLANG_ANALYZER_NONNULL = YES;
				CLANG_ANALYZER_NUMBER_OBJECT_CONVERSION = YES_AGGRESSIVE;
				CLANG_CXX_LANGUAGE_STANDARD = "gnu++14";
				CLANG_CXX_LIBRARY = "libc++";
				CLANG_ENABLE_MODULES = YES;
				CLANG_ENABLE_OBJC_ARC = YES;
				CLANG_ENABLE_OBJC_WEAK = YES;
				CLANG_WARN_BLOCK_CAPTURE_AUTORELEASING = YES;
				CLANG_WARN_BOOL_CONVERSION = YES;
				CLANG_WARN_COMMA = YES;
				CLANG_WARN_CONSTANT_CONVERSION = YES;
				CLANG_WARN_DEPRECATED_OBJC_IMPLEMENTATIONS = YES;
				CLANG_WARN_DIRECT_OBJC_ISA_USAGE = YES_ERROR;
				CLANG_WARN_DOCUMENTATION_COMMENTS = YES;
				CLANG_WARN_EMPTY_BODY = YES;
				CLANG_WARN_ENUM_CONVERSION = YES;
				CLANG_WARN_INFINITE_RECURSION = YES;
				CLANG_WARN_INT_CONVERSION = YES;
				CLANG_WARN_NON_LITERAL_NULL_CONVERSION = YES;
				CLANG_WARN_OBJC_IMPLICIT_RETAIN_SELF = YES;
				CLANG_WARN_OBJC_LITERAL_CONVERSION = YES;
				CLANG_WARN_OBJC_ROOT_CLASS = YES_ERROR;
				CLANG_WARN_RANGE_LOOP_ANALYSIS = YES;
				CLANG_WARN_STRICT_PROTOTYPES = YES;
				CLANG_WARN_SUSPICIOUS_MOVE = YES;
				CLANG_WARN_UNGUARDED_AVAILABILITY = YES_AGGRESSIVE;
				CLANG_WARN_UNREACHABLE_CODE = YES;
				CLANG_WARN__DUPLICATE_METHOD_MATCH = YES;
				COPY_PHASE_STRIP = NO;
				DEBUG_INFORMATION_FORMAT = "dwarf-with-dsym";
				ENABLE_NS_ASSERTIONS = NO;
				ENABLE_STRICT_OBJC_MSGSEND = YES;
				GCC_C_LANGUAGE_STANDARD = gnu11;
				GCC_NO_COMMON_BLOCKS = YES;
				GCC_WARN_64_TO_32_BIT_CONVERSION = YES;
				GCC_WARN_ABOUT_RETURN_TYPE = YES_ERROR;
				GCC_WARN_UNDECLARED_SELECTOR = YES;
				GCC_WARN_UNINITIALIZED_AUTOS = YES_AGGRESSIVE;
				GCC_WARN_UNUSED_FUNCTION = YES;
				GCC_WARN_UNUSED_VARIABLE = YES;
				IPHONEOS_DEPLOYMENT_TARGET = 13.5;
				MTL_ENABLE_DEBUG_INFO = NO;
				MTL_FAST_MATH = YES;
				SDKROOT = iphoneos;
				SWIFT_COMPILATION_MODE = wholemodule;
				SWIFT_OPTIMIZATION_LEVEL = "-O";
				VALIDATE_PRODUCT = YES;
			};
			name = Release;
		};
		6BA5634924920138007BF788 /* Debug */ = {
			isa = XCBuildConfiguration;
			baseConfigurationReference = F0793D112466B842F315D5A4 /* Pods-Constituent.debug.xcconfig */;
			buildSettings = {
				ASSETCATALOG_COMPILER_APPICON_NAME = AppIcon;
				CODE_SIGN_ENTITLEMENTS = Constituent/Constituent.entitlements;
				CODE_SIGN_IDENTITY = "Apple Development";
				CODE_SIGN_STYLE = Automatic;
				DEVELOPMENT_TEAM = 6V986NC4N5;
				INFOPLIST_FILE = Constituent/Info.plist;
				IPHONEOS_DEPLOYMENT_TARGET = 12.3;
				LD_RUNPATH_SEARCH_PATHS = (
					"$(inherited)",
					"@executable_path/Frameworks",
				);
				PRODUCT_BUNDLE_IDENTIFIER = com.gms.Constituent;
				PRODUCT_NAME = "$(TARGET_NAME)";
				PROVISIONING_PROFILE_SPECIFIER = "";
				SWIFT_VERSION = 5.0;
				TARGETED_DEVICE_FAMILY = 1;
			};
			name = Debug;
		};
		6BA5634A24920138007BF788 /* Release */ = {
			isa = XCBuildConfiguration;
			baseConfigurationReference = 4DB1A4E959C7656DA3374F79 /* Pods-Constituent.release.xcconfig */;
			buildSettings = {
				ASSETCATALOG_COMPILER_APPICON_NAME = AppIcon;
				CODE_SIGN_ENTITLEMENTS = Constituent/Constituent.entitlements;
				CODE_SIGN_IDENTITY = "Apple Development";
				CODE_SIGN_STYLE = Automatic;
				DEVELOPMENT_TEAM = 6V986NC4N5;
				INFOPLIST_FILE = Constituent/Info.plist;
				IPHONEOS_DEPLOYMENT_TARGET = 12.3;
				LD_RUNPATH_SEARCH_PATHS = (
					"$(inherited)",
					"@executable_path/Frameworks",
				);
				PRODUCT_BUNDLE_IDENTIFIER = com.gms.Constituent;
				PRODUCT_NAME = "$(TARGET_NAME)";
				PROVISIONING_PROFILE_SPECIFIER = "";
				SWIFT_VERSION = 5.0;
				TARGETED_DEVICE_FAMILY = 1;
			};
			name = Release;
		};
		6BA5634C24920138007BF788 /* Debug */ = {
			isa = XCBuildConfiguration;
			buildSettings = {
				ALWAYS_EMBED_SWIFT_STANDARD_LIBRARIES = YES;
				BUNDLE_LOADER = "$(TEST_HOST)";
				CODE_SIGN_STYLE = Automatic;
				DEVELOPMENT_TEAM = 6V986NC4N5;
				INFOPLIST_FILE = ConstituentTests/Info.plist;
				IPHONEOS_DEPLOYMENT_TARGET = 13.5;
				LD_RUNPATH_SEARCH_PATHS = (
					"$(inherited)",
					"@executable_path/Frameworks",
					"@loader_path/Frameworks",
				);
				PRODUCT_BUNDLE_IDENTIFIER = com.gms.ConstituentTests;
				PRODUCT_NAME = "$(TARGET_NAME)";
				SWIFT_VERSION = 5.0;
				TARGETED_DEVICE_FAMILY = "1,2";
				TEST_HOST = "$(BUILT_PRODUCTS_DIR)/Constituent.app/Constituent";
			};
			name = Debug;
		};
		6BA5634D24920138007BF788 /* Release */ = {
			isa = XCBuildConfiguration;
			buildSettings = {
				ALWAYS_EMBED_SWIFT_STANDARD_LIBRARIES = YES;
				BUNDLE_LOADER = "$(TEST_HOST)";
				CODE_SIGN_STYLE = Automatic;
				DEVELOPMENT_TEAM = 6V986NC4N5;
				INFOPLIST_FILE = ConstituentTests/Info.plist;
				IPHONEOS_DEPLOYMENT_TARGET = 13.5;
				LD_RUNPATH_SEARCH_PATHS = (
					"$(inherited)",
					"@executable_path/Frameworks",
					"@loader_path/Frameworks",
				);
				PRODUCT_BUNDLE_IDENTIFIER = com.gms.ConstituentTests;
				PRODUCT_NAME = "$(TARGET_NAME)";
				SWIFT_VERSION = 5.0;
				TARGETED_DEVICE_FAMILY = "1,2";
				TEST_HOST = "$(BUILT_PRODUCTS_DIR)/Constituent.app/Constituent";
			};
			name = Release;
		};
		6BA5634F24920138007BF788 /* Debug */ = {
			isa = XCBuildConfiguration;
			buildSettings = {
				ALWAYS_EMBED_SWIFT_STANDARD_LIBRARIES = YES;
				CODE_SIGN_STYLE = Automatic;
				DEVELOPMENT_TEAM = 6V986NC4N5;
				INFOPLIST_FILE = ConstituentUITests/Info.plist;
				LD_RUNPATH_SEARCH_PATHS = (
					"$(inherited)",
					"@executable_path/Frameworks",
					"@loader_path/Frameworks",
				);
				PRODUCT_BUNDLE_IDENTIFIER = com.gms.ConstituentUITests;
				PRODUCT_NAME = "$(TARGET_NAME)";
				SWIFT_VERSION = 5.0;
				TARGETED_DEVICE_FAMILY = "1,2";
				TEST_TARGET_NAME = Constituent;
			};
			name = Debug;
		};
		6BA5635024920138007BF788 /* Release */ = {
			isa = XCBuildConfiguration;
			buildSettings = {
				ALWAYS_EMBED_SWIFT_STANDARD_LIBRARIES = YES;
				CODE_SIGN_STYLE = Automatic;
				DEVELOPMENT_TEAM = 6V986NC4N5;
				INFOPLIST_FILE = ConstituentUITests/Info.plist;
				LD_RUNPATH_SEARCH_PATHS = (
					"$(inherited)",
					"@executable_path/Frameworks",
					"@loader_path/Frameworks",
				);
				PRODUCT_BUNDLE_IDENTIFIER = com.gms.ConstituentUITests;
				PRODUCT_NAME = "$(TARGET_NAME)";
				SWIFT_VERSION = 5.0;
				TARGETED_DEVICE_FAMILY = "1,2";
				TEST_TARGET_NAME = Constituent;
			};
			name = Release;
		};
/* End XCBuildConfiguration section */

/* Begin XCConfigurationList section */
		6BA5631924920121007BF788 /* Build configuration list for PBXProject "Constituent" */ = {
			isa = XCConfigurationList;
			buildConfigurations = (
				6BA5634624920138007BF788 /* Debug */,
				6BA5634724920138007BF788 /* Release */,
			);
			defaultConfigurationIsVisible = 0;
			defaultConfigurationName = Release;
		};
		6BA5634824920138007BF788 /* Build configuration list for PBXNativeTarget "Constituent" */ = {
			isa = XCConfigurationList;
			buildConfigurations = (
				6BA5634924920138007BF788 /* Debug */,
				6BA5634A24920138007BF788 /* Release */,
			);
			defaultConfigurationIsVisible = 0;
			defaultConfigurationName = Release;
		};
		6BA5634B24920138007BF788 /* Build configuration list for PBXNativeTarget "ConstituentTests" */ = {
			isa = XCConfigurationList;
			buildConfigurations = (
				6BA5634C24920138007BF788 /* Debug */,
				6BA5634D24920138007BF788 /* Release */,
			);
			defaultConfigurationIsVisible = 0;
			defaultConfigurationName = Release;
		};
		6BA5634E24920138007BF788 /* Build configuration list for PBXNativeTarget "ConstituentUITests" */ = {
			isa = XCConfigurationList;
			buildConfigurations = (
				6BA5634F24920138007BF788 /* Debug */,
				6BA5635024920138007BF788 /* Release */,
			);
			defaultConfigurationIsVisible = 0;
			defaultConfigurationName = Release;
		};
/* End XCConfigurationList section */
	};
	rootObject = 6BA5631624920121007BF788 /* Project object */;
}
